// !$*UTF8*$!
{
	archiveVersion = 1;
	classes = {
	};
	objectVersion = 50;
	objects = {

/* Begin PBXBuildFile section */
		3972B3E0D7884376B242916B /* Pods_OneSignalNotificationServiceExtension.framework in Frameworks */ = {isa = PBXBuildFile; fileRef = 905BC6073AA8B982E8B243B3 /* Pods_OneSignalNotificationServiceExtension.framework */; };
		3F07507BF9FFC1CF85C84F42 /* Pods_MrPlanner.framework in Frameworks */ = {isa = PBXBuildFile; fileRef = 0936315C369E5F4213EA8B18 /* Pods_MrPlanner.framework */; };
		5F10A98E22A546BE0002F1A0 /* MrPlannerAuthStorageService.swift in Sources */ = {isa = PBXBuildFile; fileRef = 5F10A98D22A546BE0002F1A0 /* MrPlannerAuthStorageService.swift */; };
		5F10A99022A697290002F1A0 /* Shelf.storyboard in Resources */ = {isa = PBXBuildFile; fileRef = 5F10A98F22A697290002F1A0 /* Shelf.storyboard */; };
		5F10A99322A697650002F1A0 /* ShelfVC.swift in Sources */ = {isa = PBXBuildFile; fileRef = 5F10A99222A697650002F1A0 /* ShelfVC.swift */; };
		5F14A6CA224238AE008384D3 /* TabbarMultipleChild.swift in Sources */ = {isa = PBXBuildFile; fileRef = 5F14A6C9224238AE008384D3 /* TabbarMultipleChild.swift */; };
		5F14A6CD2242AC72008384D3 /* IntroductionVC.swift in Sources */ = {isa = PBXBuildFile; fileRef = 5F14A6CC2242AC72008384D3 /* IntroductionVC.swift */; };
		5F14A6CF2242AC87008384D3 /* DetailVC.swift in Sources */ = {isa = PBXBuildFile; fileRef = 5F14A6CE2242AC87008384D3 /* DetailVC.swift */; };
		5F36BDF2228F3F180033EA5C /* EmailVerifyVC.swift in Sources */ = {isa = PBXBuildFile; fileRef = 5F36BDF1228F3F180033EA5C /* EmailVerifyVC.swift */; };
		5F36BDF4228F83860033EA5C /* ValidationErrorType.swift in Sources */ = {isa = PBXBuildFile; fileRef = 5F36BDF3228F83860033EA5C /* ValidationErrorType.swift */; };
		5F3CF7B9229149C700B80910 /* Shelve.swift in Sources */ = {isa = PBXBuildFile; fileRef = 5F3CF7B8229149C700B80910 /* Shelve.swift */; };
		5F467BB4223564BF00D3F41F /* GoogleSearchTableResult.storyboard in Resources */ = {isa = PBXBuildFile; fileRef = 5F467BB3223564BF00D3F41F /* GoogleSearchTableResult.storyboard */; };
		5F467BB62235652400D3F41F /* GoogleSearchCollectionResult.storyboard in Resources */ = {isa = PBXBuildFile; fileRef = 5F467BB52235652400D3F41F /* GoogleSearchCollectionResult.storyboard */; };
		5F467BB8223565C000D3F41F /* SearchResultCVC.swift in Sources */ = {isa = PBXBuildFile; fileRef = 5F467BB7223565C000D3F41F /* SearchResultCVC.swift */; };
		5F467BBA223565E700D3F41F /* SearchResultCell.swift in Sources */ = {isa = PBXBuildFile; fileRef = 5F467BB9223565E700D3F41F /* SearchResultCell.swift */; };
		5F4AF7B8229973DD00D1C2DD /* EventNewCell.xib in Resources */ = {isa = PBXBuildFile; fileRef = 5F4AF7B7229973DD00D1C2DD /* EventNewCell.xib */; };
		5F4AF7BA2299742700D1C2DD /* EventNewCell.swift in Sources */ = {isa = PBXBuildFile; fileRef = 5F4AF7B92299742700D1C2DD /* EventNewCell.swift */; };
		5F4AF7BC229974C700D1C2DD /* WeekView.swift in Sources */ = {isa = PBXBuildFile; fileRef = 5F4AF7BB229974C700D1C2DD /* WeekView.swift */; };
		5F4AF7C2229A9FBA00D1C2DD /* Assets.xcassets in Resources */ = {isa = PBXBuildFile; fileRef = 5F4AF7C1229A9FBA00D1C2DD /* Assets.xcassets */; };
		5F5619AB22A1CEEF008D26AE /* fillProfileVC.swift in Sources */ = {isa = PBXBuildFile; fileRef = 5F5619AA22A1CEEF008D26AE /* fillProfileVC.swift */; };
		5F5619AD22A1DFE3008D26AE /* MrPlannerConfig.swift in Sources */ = {isa = PBXBuildFile; fileRef = 5F5619AC22A1DFE3008D26AE /* MrPlannerConfig.swift */; };
		5F5619B022A3D9AC008D26AE /* GoogleBookService.swift in Sources */ = {isa = PBXBuildFile; fileRef = 5F5619AF22A3D9AC008D26AE /* GoogleBookService.swift */; };
		5F64F7BE224C999300265FF1 /* AddReviewVC.swift in Sources */ = {isa = PBXBuildFile; fileRef = 5F64F7BD224C999300265FF1 /* AddReviewVC.swift */; };
		5F64F7C0224F499A00265FF1 /* Profile.storyboard in Resources */ = {isa = PBXBuildFile; fileRef = 5F64F7BF224F499A00265FF1 /* Profile.storyboard */; };
		5F64F7C3224F4D2400265FF1 /* ProfileVC.swift in Sources */ = {isa = PBXBuildFile; fileRef = 5F64F7C2224F4D2400265FF1 /* ProfileVC.swift */; };
		5F64F7C5224F5C3C00265FF1 /* UpperVC.swift in Sources */ = {isa = PBXBuildFile; fileRef = 5F64F7C4224F5C3C00265FF1 /* UpperVC.swift */; };
		5F6BBECA22799072001020BB /* ‌BookSelection.storyboard in Resources */ = {isa = PBXBuildFile; fileRef = 5F6BBEC922799072001020BB /* ‌BookSelection.storyboard */; };
		5F76AA752219993E003BE931 /* SearchTVC.swift in Sources */ = {isa = PBXBuildFile; fileRef = 5F76AA742219993E003BE931 /* SearchTVC.swift */; };
		5F76AA792219A373003BE931 /* BookTVCell.swift in Sources */ = {isa = PBXBuildFile; fileRef = 5F76AA782219A373003BE931 /* BookTVCell.swift */; };
		5F76AA7C221B0739003BE931 /* UserInfoVC.swift in Sources */ = {isa = PBXBuildFile; fileRef = 5F76AA7B221B0739003BE931 /* UserInfoVC.swift */; };
		5F76AA7E221C01C0003BE931 /* googleSearchTVC.swift in Sources */ = {isa = PBXBuildFile; fileRef = 5F76AA7D221C01C0003BE931 /* googleSearchTVC.swift */; };
		5F77761B2226ED2C00D1A7A7 /* GoogleService-Info.plist in Resources */ = {isa = PBXBuildFile; fileRef = 5F77761A2226ED2C00D1A7A7 /* GoogleService-Info.plist */; };
		5F7776242227C69800D1A7A7 /* NotificationService.swift in Sources */ = {isa = PBXBuildFile; fileRef = 5F7776232227C69800D1A7A7 /* NotificationService.swift */; };
		5F7776282227C69800D1A7A7 /* OneSignalNotificationServiceExtension.appex in Embed App Extensions */ = {isa = PBXBuildFile; fileRef = 5F7776212227C69800D1A7A7 /* OneSignalNotificationServiceExtension.appex */; settings = {ATTRIBUTES = (RemoveHeadersOnCopy, ); }; };
		5F7C214C22195CB5002FAEBF /* AppDelegate.swift in Sources */ = {isa = PBXBuildFile; fileRef = 5F7C214B22195CB5002FAEBF /* AppDelegate.swift */; };
		5F7C215122195CB5002FAEBF /* Main.storyboard in Resources */ = {isa = PBXBuildFile; fileRef = 5F7C214F22195CB5002FAEBF /* Main.storyboard */; };
		5F7C215622195CB7002FAEBF /* LaunchScreen.storyboard in Resources */ = {isa = PBXBuildFile; fileRef = 5F7C215422195CB7002FAEBF /* LaunchScreen.storyboard */; };
		5F7C215E22195E45002FAEBF /* BookDetail.swift in Sources */ = {isa = PBXBuildFile; fileRef = 5F7C215D22195E45002FAEBF /* BookDetail.swift */; };
		5F8F64D9227AD2DA00D86900 /* BookSelectionVC.swift in Sources */ = {isa = PBXBuildFile; fileRef = 5F8F64D8227AD2DA00D86900 /* BookSelectionVC.swift */; };
		5F8F64DB227AE84700D86900 /* Checkmark.swift in Sources */ = {isa = PBXBuildFile; fileRef = 5F8F64DA227AE84700D86900 /* Checkmark.swift */; };
		5F8F64DD228004BC00D86900 /* PlanOptionsVC.swift in Sources */ = {isa = PBXBuildFile; fileRef = 5F8F64DC228004BC00D86900 /* PlanOptionsVC.swift */; };
		5F8F64DF2280213000D86900 /* NetworkManager.swift in Sources */ = {isa = PBXBuildFile; fileRef = 5F8F64DE2280213000D86900 /* NetworkManager.swift */; };
		5F8F64E12280235E00D86900 /* LaunchController.swift in Sources */ = {isa = PBXBuildFile; fileRef = 5F8F64E02280235E00D86900 /* LaunchController.swift */; };
		5F8F64E322802DCC00D86900 /* OfflineViewController.swift in Sources */ = {isa = PBXBuildFile; fileRef = 5F8F64E222802DCC00D86900 /* OfflineViewController.swift */; };
		5F9D8B112265C22B0086E1F6 /* Calendar.storyboard in Resources */ = {isa = PBXBuildFile; fileRef = 5F9D8B102265C22B0086E1F6 /* Calendar.storyboard */; };
		5FABC874223E9AB500E275BE /* SF-Pro-Text-BoldItalic.otf in Resources */ = {isa = PBXBuildFile; fileRef = 5FABC856223E9AAB00E275BE /* SF-Pro-Text-BoldItalic.otf */; };
		5FABC875223E9AB500E275BE /* SF-Pro-Text-Semibold.otf in Resources */ = {isa = PBXBuildFile; fileRef = 5FABC857223E9AAC00E275BE /* SF-Pro-Text-Semibold.otf */; };
		5FABC876223E9AB500E275BE /* SF-Pro-Display-RegularItalic.otf in Resources */ = {isa = PBXBuildFile; fileRef = 5FABC858223E9AAC00E275BE /* SF-Pro-Display-RegularItalic.otf */; };
		5FABC877223E9AB500E275BE /* SF-Pro-Text-LightItalic.otf in Resources */ = {isa = PBXBuildFile; fileRef = 5FABC859223E9AAC00E275BE /* SF-Pro-Text-LightItalic.otf */; };
		5FABC878223E9AB500E275BE /* SF-Pro-Text-Heavy.otf in Resources */ = {isa = PBXBuildFile; fileRef = 5FABC85A223E9AAC00E275BE /* SF-Pro-Text-Heavy.otf */; };
		5FABC879223E9AB500E275BE /* SF-Pro-Display-MediumItalic.otf in Resources */ = {isa = PBXBuildFile; fileRef = 5FABC85B223E9AAD00E275BE /* SF-Pro-Display-MediumItalic.otf */; };
		5FABC87A223E9AB600E275BE /* SF-Pro-Display-HeavyItalic.otf in Resources */ = {isa = PBXBuildFile; fileRef = 5FABC85C223E9AAD00E275BE /* SF-Pro-Display-HeavyItalic.otf */; };
		5FABC87B223E9AB600E275BE /* SF-Pro-Display-UltralightItalic.otf in Resources */ = {isa = PBXBuildFile; fileRef = 5FABC85D223E9AAD00E275BE /* SF-Pro-Display-UltralightItalic.otf */; };
		5FABC87C223E9AB600E275BE /* SF-Pro-Text-RegularItalic.otf in Resources */ = {isa = PBXBuildFile; fileRef = 5FABC85E223E9AAE00E275BE /* SF-Pro-Text-RegularItalic.otf */; };
		5FABC87D223E9AB600E275BE /* SF-Pro-Display-Ultralight.otf in Resources */ = {isa = PBXBuildFile; fileRef = 5FABC85F223E9AAE00E275BE /* SF-Pro-Display-Ultralight.otf */; };
		5FABC87E223E9AB600E275BE /* SF-Pro-Display-SemiboldItalic.otf in Resources */ = {isa = PBXBuildFile; fileRef = 5FABC860223E9AAE00E275BE /* SF-Pro-Display-SemiboldItalic.otf */; };
		5FABC87F223E9AB600E275BE /* SF-Pro-Display-Medium.otf in Resources */ = {isa = PBXBuildFile; fileRef = 5FABC861223E9AAF00E275BE /* SF-Pro-Display-Medium.otf */; };
		5FABC880223E9AB600E275BE /* SF-Pro-Display-ThinItalic.otf in Resources */ = {isa = PBXBuildFile; fileRef = 5FABC862223E9AAF00E275BE /* SF-Pro-Display-ThinItalic.otf */; };
		5FABC881223E9AB600E275BE /* SF-Pro-Text-Medium.otf in Resources */ = {isa = PBXBuildFile; fileRef = 5FABC863223E9AB000E275BE /* SF-Pro-Text-Medium.otf */; };
		5FABC882223E9AB600E275BE /* SF-Pro-Text-SemiboldItalic.otf in Resources */ = {isa = PBXBuildFile; fileRef = 5FABC864223E9AB000E275BE /* SF-Pro-Text-SemiboldItalic.otf */; };
		5FABC883223E9AB600E275BE /* SF-Pro-Display-BoldItalic.otf in Resources */ = {isa = PBXBuildFile; fileRef = 5FABC865223E9AB000E275BE /* SF-Pro-Display-BoldItalic.otf */; };
		5FABC884223E9AB600E275BE /* SF-Pro-Text-HeavyItalic.otf in Resources */ = {isa = PBXBuildFile; fileRef = 5FABC866223E9AB100E275BE /* SF-Pro-Text-HeavyItalic.otf */; };
		5FABC885223E9AB600E275BE /* SF-Pro-Display-Bold.otf in Resources */ = {isa = PBXBuildFile; fileRef = 5FABC867223E9AB100E275BE /* SF-Pro-Display-Bold.otf */; };
		5FABC886223E9AB600E275BE /* SF-Pro-Display-Black.otf in Resources */ = {isa = PBXBuildFile; fileRef = 5FABC868223E9AB100E275BE /* SF-Pro-Display-Black.otf */; };
		5FABC887223E9AB600E275BE /* SF-Pro-Display-Regular.otf in Resources */ = {isa = PBXBuildFile; fileRef = 5FABC869223E9AB200E275BE /* SF-Pro-Display-Regular.otf */; };
		5FABC888223E9AB600E275BE /* SF-Pro-Display-Thin.otf in Resources */ = {isa = PBXBuildFile; fileRef = 5FABC86A223E9AB200E275BE /* SF-Pro-Display-Thin.otf */; };
		5FABC889223E9AB600E275BE /* SF-Pro-Text-Light.otf in Resources */ = {isa = PBXBuildFile; fileRef = 5FABC86B223E9AB300E275BE /* SF-Pro-Text-Light.otf */; };
		5FABC88A223E9AB600E275BE /* SF-Pro-Display-BlackItalic.otf in Resources */ = {isa = PBXBuildFile; fileRef = 5FABC86C223E9AB300E275BE /* SF-Pro-Display-BlackItalic.otf */; };
		5FABC88B223E9AB600E275BE /* SF-Pro-Display-Semibold.otf in Resources */ = {isa = PBXBuildFile; fileRef = 5FABC86D223E9AB300E275BE /* SF-Pro-Display-Semibold.otf */; };
		5FABC88C223E9AB600E275BE /* SF-Pro-Text-Regular.otf in Resources */ = {isa = PBXBuildFile; fileRef = 5FABC86E223E9AB400E275BE /* SF-Pro-Text-Regular.otf */; };
		5FABC88D223E9AB600E275BE /* SF-Pro-Display-LightItalic.otf in Resources */ = {isa = PBXBuildFile; fileRef = 5FABC86F223E9AB400E275BE /* SF-Pro-Display-LightItalic.otf */; };
		5FABC88E223E9AB600E275BE /* SF-Pro-Display-Heavy.otf in Resources */ = {isa = PBXBuildFile; fileRef = 5FABC870223E9AB400E275BE /* SF-Pro-Display-Heavy.otf */; };
		5FABC88F223E9AB600E275BE /* SF-Pro-Text-Bold.otf in Resources */ = {isa = PBXBuildFile; fileRef = 5FABC871223E9AB500E275BE /* SF-Pro-Text-Bold.otf */; };
		5FABC890223E9AB600E275BE /* SF-Pro-Display-Light.otf in Resources */ = {isa = PBXBuildFile; fileRef = 5FABC872223E9AB500E275BE /* SF-Pro-Display-Light.otf */; };
		5FABC891223E9AB600E275BE /* SF-Pro-Text-MediumItalic.otf in Resources */ = {isa = PBXBuildFile; fileRef = 5FABC873223E9AB500E275BE /* SF-Pro-Text-MediumItalic.otf */; };
		5FABC8A8223E9AE100E275BE /* SF-Compact-Display-Heavy.otf in Resources */ = {isa = PBXBuildFile; fileRef = 5FABC893223E9ADA00E275BE /* SF-Compact-Display-Heavy.otf */; };
		5FABC8A9223E9AE100E275BE /* SF-Compact-Display-Black.otf in Resources */ = {isa = PBXBuildFile; fileRef = 5FABC894223E9ADA00E275BE /* SF-Compact-Display-Black.otf */; };
		5FABC8AA223E9AE100E275BE /* SF-Compact-Text-Bold.otf in Resources */ = {isa = PBXBuildFile; fileRef = 5FABC895223E9ADA00E275BE /* SF-Compact-Text-Bold.otf */; };
		5FABC8AB223E9AE100E275BE /* SF-Compact-Display-Regular.otf in Resources */ = {isa = PBXBuildFile; fileRef = 5FABC896223E9ADB00E275BE /* SF-Compact-Display-Regular.otf */; };
		5FABC8AC223E9AE100E275BE /* SF-Compact-Display-Bold.otf in Resources */ = {isa = PBXBuildFile; fileRef = 5FABC897223E9ADB00E275BE /* SF-Compact-Display-Bold.otf */; };
		5FABC8AD223E9AE100E275BE /* SF-Compact-Display-Ultralight.otf in Resources */ = {isa = PBXBuildFile; fileRef = 5FABC898223E9ADC00E275BE /* SF-Compact-Display-Ultralight.otf */; };
		5FABC8AE223E9AE100E275BE /* SF-Compact-Display-Semibold.otf in Resources */ = {isa = PBXBuildFile; fileRef = 5FABC899223E9ADC00E275BE /* SF-Compact-Display-Semibold.otf */; };
		5FABC8AF223E9AE100E275BE /* SF-Compact-Text-Heavy.otf in Resources */ = {isa = PBXBuildFile; fileRef = 5FABC89A223E9ADD00E275BE /* SF-Compact-Text-Heavy.otf */; };
		5FABC8B0223E9AE100E275BE /* SF-Compact-Text-MediumItalic.otf in Resources */ = {isa = PBXBuildFile; fileRef = 5FABC89B223E9ADD00E275BE /* SF-Compact-Text-MediumItalic.otf */; };
		5FABC8B1223E9AE100E275BE /* SF-Compact-Text-Semibold.otf in Resources */ = {isa = PBXBuildFile; fileRef = 5FABC89C223E9ADD00E275BE /* SF-Compact-Text-Semibold.otf */; };
		5FABC8B2223E9AE100E275BE /* SF-Compact-Text-SemiboldItalic.otf in Resources */ = {isa = PBXBuildFile; fileRef = 5FABC89D223E9ADD00E275BE /* SF-Compact-Text-SemiboldItalic.otf */; };
		5FABC8B3223E9AE100E275BE /* SF-Compact-Display-Medium.otf in Resources */ = {isa = PBXBuildFile; fileRef = 5FABC89E223E9ADE00E275BE /* SF-Compact-Display-Medium.otf */; };
		5FABC8B4223E9AE100E275BE /* SF-Compact-Text-BoldItalic.otf in Resources */ = {isa = PBXBuildFile; fileRef = 5FABC89F223E9ADE00E275BE /* SF-Compact-Text-BoldItalic.otf */; };
		5FABC8B5223E9AE100E275BE /* SF-Compact-Text-Light.otf in Resources */ = {isa = PBXBuildFile; fileRef = 5FABC8A0223E9ADE00E275BE /* SF-Compact-Text-Light.otf */; };
		5FABC8B6223E9AE100E275BE /* SF-Compact-Text-LightItalic.otf in Resources */ = {isa = PBXBuildFile; fileRef = 5FABC8A1223E9ADF00E275BE /* SF-Compact-Text-LightItalic.otf */; };
		5FABC8B7223E9AE100E275BE /* SF-Compact-Text-Medium.otf in Resources */ = {isa = PBXBuildFile; fileRef = 5FABC8A2223E9ADF00E275BE /* SF-Compact-Text-Medium.otf */; };
		5FABC8B8223E9AE100E275BE /* SF-Compact-Text-Regular.otf in Resources */ = {isa = PBXBuildFile; fileRef = 5FABC8A3223E9AE000E275BE /* SF-Compact-Text-Regular.otf */; };
		5FABC8B9223E9AE100E275BE /* SF-Compact-Text-RegularItalic.otf in Resources */ = {isa = PBXBuildFile; fileRef = 5FABC8A4223E9AE000E275BE /* SF-Compact-Text-RegularItalic.otf */; };
		5FABC8BA223E9AE100E275BE /* SF-Compact-Display-Light.otf in Resources */ = {isa = PBXBuildFile; fileRef = 5FABC8A5223E9AE000E275BE /* SF-Compact-Display-Light.otf */; };
		5FABC8BB223E9AE100E275BE /* SF-Compact-Text-HeavyItalic.otf in Resources */ = {isa = PBXBuildFile; fileRef = 5FABC8A6223E9AE100E275BE /* SF-Compact-Text-HeavyItalic.otf */; };
		5FABC8BC223E9AE100E275BE /* SF-Compact-Display-Thin.otf in Resources */ = {isa = PBXBuildFile; fileRef = 5FABC8A7223E9AE100E275BE /* SF-Compact-Display-Thin.otf */; };
		5FABC8C7223E9B1500E275BE /* SF-Compact-Rounded-Regular.otf in Resources */ = {isa = PBXBuildFile; fileRef = 5FABC8BE223E9B1200E275BE /* SF-Compact-Rounded-Regular.otf */; };
		5FABC8C8223E9B1500E275BE /* SF-Compact-Rounded-Light.otf in Resources */ = {isa = PBXBuildFile; fileRef = 5FABC8BF223E9B1300E275BE /* SF-Compact-Rounded-Light.otf */; };
		5FABC8C9223E9B1500E275BE /* SF-Compact-Rounded-Black.otf in Resources */ = {isa = PBXBuildFile; fileRef = 5FABC8C0223E9B1300E275BE /* SF-Compact-Rounded-Black.otf */; };
		5FABC8CA223E9B1500E275BE /* SF-Compact-Rounded-Heavy.otf in Resources */ = {isa = PBXBuildFile; fileRef = 5FABC8C1223E9B1300E275BE /* SF-Compact-Rounded-Heavy.otf */; };
		5FABC8CB223E9B1500E275BE /* SF-Compact-Rounded-Bold.otf in Resources */ = {isa = PBXBuildFile; fileRef = 5FABC8C2223E9B1400E275BE /* SF-Compact-Rounded-Bold.otf */; };
		5FABC8CC223E9B1500E275BE /* SF-Compact-Rounded-Semibold.otf in Resources */ = {isa = PBXBuildFile; fileRef = 5FABC8C3223E9B1400E275BE /* SF-Compact-Rounded-Semibold.otf */; };
		5FABC8CD223E9B1500E275BE /* SF-Compact-Rounded-Medium.otf in Resources */ = {isa = PBXBuildFile; fileRef = 5FABC8C4223E9B1400E275BE /* SF-Compact-Rounded-Medium.otf */; };
		5FABC8CE223E9B1500E275BE /* SF-Compact-Rounded-Thin.otf in Resources */ = {isa = PBXBuildFile; fileRef = 5FABC8C5223E9B1500E275BE /* SF-Compact-Rounded-Thin.otf */; };
		5FABC8CF223E9B1500E275BE /* SF-Compact-Rounded-Ultralight.otf in Resources */ = {isa = PBXBuildFile; fileRef = 5FABC8C6223E9B1500E275BE /* SF-Compact-Rounded-Ultralight.otf */; };
		5FADA483223D4C2200F1B2A8 /* SplashViewController.swift in Sources */ = {isa = PBXBuildFile; fileRef = 5FADA482223D4C2200F1B2A8 /* SplashViewController.swift */; };
		5FB412A9222A7B5200B4A3E7 /* PopularReadersCVC.swift in Sources */ = {isa = PBXBuildFile; fileRef = 5FB412A8222A7B5200B4A3E7 /* PopularReadersCVC.swift */; };
		5FB412AB222A7B6900B4A3E7 /* PopularReadersCell.swift in Sources */ = {isa = PBXBuildFile; fileRef = 5FB412AA222A7B6900B4A3E7 /* PopularReadersCell.swift */; };
		5FB412AE222A8DC100B4A3E7 /* PopularBookCell.swift in Sources */ = {isa = PBXBuildFile; fileRef = 5FB412AD222A8DC100B4A3E7 /* PopularBookCell.swift */; };
		5FB412B0222A8DD500B4A3E7 /* PopularBookCVC.swift in Sources */ = {isa = PBXBuildFile; fileRef = 5FB412AF222A8DD500B4A3E7 /* PopularBookCVC.swift */; };
		5FB412B2222AB6B100B4A3E7 /* Hiragino Sans GB.ttc in Resources */ = {isa = PBXBuildFile; fileRef = 5FB412B1222AB6B100B4A3E7 /* Hiragino Sans GB.ttc */; };
		5FB412B4222AC8B800B4A3E7 /* TabBar.swift in Sources */ = {isa = PBXBuildFile; fileRef = 5FB412B3222AC8B800B4A3E7 /* TabBar.swift */; };
		5FB7E626223E2F8200A7B9CB /* Books.swift in Sources */ = {isa = PBXBuildFile; fileRef = 5FB7E625223E2F8100A7B9CB /* Books.swift */; };
		5FB7E629223E3B1B00A7B9CB /* BookDetailVC.swift in Sources */ = {isa = PBXBuildFile; fileRef = 5FB7E628223E3B1B00A7B9CB /* BookDetailVC.swift */; };
		5FB8917E22972BE200269E68 /* CalendarView.storyboard in Resources */ = {isa = PBXBuildFile; fileRef = 5FB8917D22972BE200269E68 /* CalendarView.storyboard */; };
		5FB8918022972F1C00269E68 /* CalendarViewVC.swift in Sources */ = {isa = PBXBuildFile; fileRef = 5FB8917F22972F1C00269E68 /* CalendarViewVC.swift */; };
		5FC9FA3122782A1900777AA5 /* DefaultViewModel.swift in Sources */ = {isa = PBXBuildFile; fileRef = 5FC9FA2B22782A1700777AA5 /* DefaultViewModel.swift */; };
		5FC9FA3222782A1900777AA5 /* DefaultWeekView.swift in Sources */ = {isa = PBXBuildFile; fileRef = 5FC9FA2C22782A1800777AA5 /* DefaultWeekView.swift */; };
		5FC9FA3322782A1900777AA5 /* EventCell.swift in Sources */ = {isa = PBXBuildFile; fileRef = 5FC9FA2D22782A1800777AA5 /* EventCell.swift */; };
		5FC9FA3422782A1900777AA5 /* DefaultEvent.swift in Sources */ = {isa = PBXBuildFile; fileRef = 5FC9FA2E22782A1800777AA5 /* DefaultEvent.swift */; };
		5FC9FA3522782A1900777AA5 /* EventCell.xib in Resources */ = {isa = PBXBuildFile; fileRef = 5FC9FA2F22782A1900777AA5 /* EventCell.xib */; };
		5FC9FA3622782A1900777AA5 /* DefaultViewController.swift in Sources */ = {isa = PBXBuildFile; fileRef = 5FC9FA3022782A1900777AA5 /* DefaultViewController.swift */; };
		5FC9FA3A22782A3600777AA5 /* ToastUtil.swift in Sources */ = {isa = PBXBuildFile; fileRef = 5FC9FA3822782A3500777AA5 /* ToastUtil.swift */; };
		5FC9FA3B22782A3600777AA5 /* Extensions.swift in Sources */ = {isa = PBXBuildFile; fileRef = 5FC9FA3922782A3600777AA5 /* Extensions.swift */; };
		5FD15E0D2225969900DB5BFE /* MainVC.swift in Sources */ = {isa = PBXBuildFile; fileRef = 5FD15E0C2225969900DB5BFE /* MainVC.swift */; };
		5FE54D7A228421970096402A /* WalkthroughVC.swift in Sources */ = {isa = PBXBuildFile; fileRef = 5FE54D79228421970096402A /* WalkthroughVC.swift */; };
		5FE54D7C228421DF0096402A /* Slide.swift in Sources */ = {isa = PBXBuildFile; fileRef = 5FE54D7B228421DF0096402A /* Slide.swift */; };
		5FE54D802284271C0096402A /* Slide.xib in Resources */ = {isa = PBXBuildFile; fileRef = 5FE54D7F2284271C0096402A /* Slide.xib */; };
		5FE54D8322844A4E0096402A /* Login.storyboard in Resources */ = {isa = PBXBuildFile; fileRef = 5FE54D8222844A4E0096402A /* Login.storyboard */; };
		5FE54D852284700C0096402A /* RegisterVC.swift in Sources */ = {isa = PBXBuildFile; fileRef = 5FE54D842284700C0096402A /* RegisterVC.swift */; };
		5FE54D872288A3810096402A /* GoodreadsService.swift in Sources */ = {isa = PBXBuildFile; fileRef = 5FE54D862288A3810096402A /* GoodreadsService.swift */; };
		5FE54D892288A76F0096402A /* Secrets.strings in Resources */ = {isa = PBXBuildFile; fileRef = 5FE54D882288A76F0096402A /* Secrets.strings */; };
		5FE54D8C2288AA3A0096402A /* AuthStorageService.swift in Sources */ = {isa = PBXBuildFile; fileRef = 5FE54D8B2288AA3A0096402A /* AuthStorageService.swift */; };
		5FE54D8E2288AABD0096402A /* KeychainPasswordItem.swift in Sources */ = {isa = PBXBuildFile; fileRef = 5FE54D8D2288AABD0096402A /* KeychainPasswordItem.swift */; };
		5FE54D902289876C0096402A /* Shelf.swift in Sources */ = {isa = PBXBuildFile; fileRef = 5FE54D8F2289876C0096402A /* Shelf.swift */; };
		5FE54D9222898D5C0096402A /* Book.swift in Sources */ = {isa = PBXBuildFile; fileRef = 5FE54D9122898D5C0096402A /* Book.swift */; };
		5FE54D9422898E190096402A /* Author.swift in Sources */ = {isa = PBXBuildFile; fileRef = 5FE54D9322898E190096402A /* Author.swift */; };
		5FE54D962289D8520096402A /* GoodreadsVC.swift in Sources */ = {isa = PBXBuildFile; fileRef = 5FE54D952289D8520096402A /* GoodreadsVC.swift */; };
		5FF14D792250AA0300FF42A8 /* ProfileActivePlansTVC.swift in Sources */ = {isa = PBXBuildFile; fileRef = 5FF14D782250AA0300FF42A8 /* ProfileActivePlansTVC.swift */; };
		5FF14D7B2250AE0500FF42A8 /* ActivePlansCell.swift in Sources */ = {isa = PBXBuildFile; fileRef = 5FF14D7A2250AE0500FF42A8 /* ActivePlansCell.swift */; };
		5FF26D57224A116500D23645 /* ReviewTVC.swift in Sources */ = {isa = PBXBuildFile; fileRef = 5FF26D56224A116500D23645 /* ReviewTVC.swift */; };
		5FFA1A402239559E00A484F4 /* WalkthroughVC.storyboard in Resources */ = {isa = PBXBuildFile; fileRef = 5FFA1A3F2239559E00A484F4 /* WalkthroughVC.storyboard */; };
		5FFB9E572250E65F00473A5E /* ProfileActivitiesTVC.swift in Sources */ = {isa = PBXBuildFile; fileRef = 5FFB9E562250E65F00473A5E /* ProfileActivitiesTVC.swift */; };
		5FFB9E592250E7B300473A5E /* ProfileActivitiesCell.swift in Sources */ = {isa = PBXBuildFile; fileRef = 5FFB9E582250E7B300473A5E /* ProfileActivitiesCell.swift */; };
/* End PBXBuildFile section */

/* Begin PBXContainerItemProxy section */
		5F7776262227C69800D1A7A7 /* PBXContainerItemProxy */ = {
			isa = PBXContainerItemProxy;
			containerPortal = 5F7C214022195CB5002FAEBF /* Project object */;
			proxyType = 1;
			remoteGlobalIDString = 5F7776202227C69800D1A7A7;
			remoteInfo = OneSignalNotificationServiceExtension;
		};
/* End PBXContainerItemProxy section */

/* Begin PBXCopyFilesBuildPhase section */
		5F77762C2227C69800D1A7A7 /* Embed App Extensions */ = {
			isa = PBXCopyFilesBuildPhase;
			buildActionMask = 2147483647;
			dstPath = "";
			dstSubfolderSpec = 13;
			files = (
				5F7776282227C69800D1A7A7 /* OneSignalNotificationServiceExtension.appex in Embed App Extensions */,
			);
			name = "Embed App Extensions";
			runOnlyForDeploymentPostprocessing = 0;
		};
/* End PBXCopyFilesBuildPhase section */

/* Begin PBXFileReference section */
		0936315C369E5F4213EA8B18 /* Pods_MrPlanner.framework */ = {isa = PBXFileReference; explicitFileType = wrapper.framework; includeInIndex = 0; path = Pods_MrPlanner.framework; sourceTree = BUILT_PRODUCTS_DIR; };
		0B5A74FE9DA9096DBF0FF302 /* Pods-OneSignalNotificationServiceExtension.release.xcconfig */ = {isa = PBXFileReference; includeInIndex = 1; lastKnownFileType = text.xcconfig; name = "Pods-OneSignalNotificationServiceExtension.release.xcconfig"; path = "Target Support Files/Pods-OneSignalNotificationServiceExtension/Pods-OneSignalNotificationServiceExtension.release.xcconfig"; sourceTree = "<group>"; };
		5F10A98D22A546BE0002F1A0 /* MrPlannerAuthStorageService.swift */ = {isa = PBXFileReference; lastKnownFileType = sourcecode.swift; path = MrPlannerAuthStorageService.swift; sourceTree = "<group>"; };
		5F10A98F22A697290002F1A0 /* Shelf.storyboard */ = {isa = PBXFileReference; fileEncoding = 4; lastKnownFileType = file.storyboard; name = Shelf.storyboard; path = ../Shelf.storyboard; sourceTree = "<group>"; };
		5F10A99222A697650002F1A0 /* ShelfVC.swift */ = {isa = PBXFileReference; lastKnownFileType = sourcecode.swift; path = ShelfVC.swift; sourceTree = "<group>"; };
		5F14A6C9224238AE008384D3 /* TabbarMultipleChild.swift */ = {isa = PBXFileReference; lastKnownFileType = sourcecode.swift; path = TabbarMultipleChild.swift; sourceTree = "<group>"; };
		5F14A6CC2242AC72008384D3 /* IntroductionVC.swift */ = {isa = PBXFileReference; lastKnownFileType = sourcecode.swift; path = IntroductionVC.swift; sourceTree = "<group>"; };
		5F14A6CE2242AC87008384D3 /* DetailVC.swift */ = {isa = PBXFileReference; lastKnownFileType = sourcecode.swift; path = DetailVC.swift; sourceTree = "<group>"; };
		5F36BDF1228F3F180033EA5C /* EmailVerifyVC.swift */ = {isa = PBXFileReference; lastKnownFileType = sourcecode.swift; path = EmailVerifyVC.swift; sourceTree = "<group>"; };
		5F36BDF3228F83860033EA5C /* ValidationErrorType.swift */ = {isa = PBXFileReference; lastKnownFileType = sourcecode.swift; path = ValidationErrorType.swift; sourceTree = "<group>"; };
		5F3CF7B8229149C700B80910 /* Shelve.swift */ = {isa = PBXFileReference; lastKnownFileType = sourcecode.swift; path = Shelve.swift; sourceTree = "<group>"; };
		5F467BB3223564BF00D3F41F /* GoogleSearchTableResult.storyboard */ = {isa = PBXFileReference; fileEncoding = 4; lastKnownFileType = file.storyboard; path = GoogleSearchTableResult.storyboard; sourceTree = "<group>"; };
		5F467BB52235652400D3F41F /* GoogleSearchCollectionResult.storyboard */ = {isa = PBXFileReference; lastKnownFileType = file.storyboard; path = GoogleSearchCollectionResult.storyboard; sourceTree = "<group>"; };
		5F467BB7223565C000D3F41F /* SearchResultCVC.swift */ = {isa = PBXFileReference; lastKnownFileType = sourcecode.swift; path = SearchResultCVC.swift; sourceTree = "<group>"; };
		5F467BB9223565E700D3F41F /* SearchResultCell.swift */ = {isa = PBXFileReference; lastKnownFileType = sourcecode.swift; path = SearchResultCell.swift; sourceTree = "<group>"; };
		5F4AF7B7229973DD00D1C2DD /* EventNewCell.xib */ = {isa = PBXFileReference; lastKnownFileType = file.xib; path = EventNewCell.xib; sourceTree = "<group>"; };
		5F4AF7B92299742700D1C2DD /* EventNewCell.swift */ = {isa = PBXFileReference; lastKnownFileType = sourcecode.swift; path = EventNewCell.swift; sourceTree = "<group>"; };
		5F4AF7BB229974C700D1C2DD /* WeekView.swift */ = {isa = PBXFileReference; lastKnownFileType = sourcecode.swift; path = WeekView.swift; sourceTree = "<group>"; };
		5F4AF7C1229A9FBA00D1C2DD /* Assets.xcassets */ = {isa = PBXFileReference; lastKnownFileType = folder.assetcatalog; path = Assets.xcassets; sourceTree = "<group>"; };
		5F5619AA22A1CEEF008D26AE /* fillProfileVC.swift */ = {isa = PBXFileReference; lastKnownFileType = sourcecode.swift; path = fillProfileVC.swift; sourceTree = "<group>"; };
		5F5619AC22A1DFE3008D26AE /* MrPlannerConfig.swift */ = {isa = PBXFileReference; lastKnownFileType = sourcecode.swift; path = MrPlannerConfig.swift; sourceTree = "<group>"; };
		5F5619AF22A3D9AC008D26AE /* GoogleBookService.swift */ = {isa = PBXFileReference; lastKnownFileType = sourcecode.swift; path = GoogleBookService.swift; sourceTree = "<group>"; };
		5F64F7BD224C999300265FF1 /* AddReviewVC.swift */ = {isa = PBXFileReference; lastKnownFileType = sourcecode.swift; path = AddReviewVC.swift; sourceTree = "<group>"; };
		5F64F7BF224F499A00265FF1 /* Profile.storyboard */ = {isa = PBXFileReference; lastKnownFileType = file.storyboard; path = Profile.storyboard; sourceTree = "<group>"; };
		5F64F7C2224F4D2400265FF1 /* ProfileVC.swift */ = {isa = PBXFileReference; lastKnownFileType = sourcecode.swift; path = ProfileVC.swift; sourceTree = "<group>"; };
		5F64F7C4224F5C3C00265FF1 /* UpperVC.swift */ = {isa = PBXFileReference; lastKnownFileType = sourcecode.swift; path = UpperVC.swift; sourceTree = "<group>"; };
		5F6BBEC922799072001020BB /* ‌BookSelection.storyboard */ = {isa = PBXFileReference; lastKnownFileType = file.storyboard; path = "‌BookSelection.storyboard"; sourceTree = "<group>"; };
		5F76AA742219993E003BE931 /* SearchTVC.swift */ = {isa = PBXFileReference; lastKnownFileType = sourcecode.swift; path = SearchTVC.swift; sourceTree = "<group>"; };
		5F76AA782219A373003BE931 /* BookTVCell.swift */ = {isa = PBXFileReference; lastKnownFileType = sourcecode.swift; path = BookTVCell.swift; sourceTree = "<group>"; };
		5F76AA7B221B0739003BE931 /* UserInfoVC.swift */ = {isa = PBXFileReference; lastKnownFileType = sourcecode.swift; path = UserInfoVC.swift; sourceTree = "<group>"; };
		5F76AA7D221C01C0003BE931 /* googleSearchTVC.swift */ = {isa = PBXFileReference; lastKnownFileType = sourcecode.swift; path = googleSearchTVC.swift; sourceTree = "<group>"; };
		5F77761A2226ED2C00D1A7A7 /* GoogleService-Info.plist */ = {isa = PBXFileReference; fileEncoding = 4; lastKnownFileType = text.plist.xml; path = "GoogleService-Info.plist"; sourceTree = "<group>"; };
		5F77761C2226F11700D1A7A7 /* MrPlanner.entitlements */ = {isa = PBXFileReference; lastKnownFileType = text.plist.entitlements; path = MrPlanner.entitlements; sourceTree = "<group>"; };
		5F7776212227C69800D1A7A7 /* OneSignalNotificationServiceExtension.appex */ = {isa = PBXFileReference; explicitFileType = "wrapper.app-extension"; includeInIndex = 0; path = OneSignalNotificationServiceExtension.appex; sourceTree = BUILT_PRODUCTS_DIR; };
		5F7776232227C69800D1A7A7 /* NotificationService.swift */ = {isa = PBXFileReference; lastKnownFileType = sourcecode.swift; path = NotificationService.swift; sourceTree = "<group>"; };
		5F7776252227C69800D1A7A7 /* Info.plist */ = {isa = PBXFileReference; lastKnownFileType = text.plist.xml; path = Info.plist; sourceTree = "<group>"; };
		5F77762D2227C7E300D1A7A7 /* OneSignalNotificationServiceExtension.entitlements */ = {isa = PBXFileReference; lastKnownFileType = text.plist.entitlements; path = OneSignalNotificationServiceExtension.entitlements; sourceTree = "<group>"; };
		5F7C214822195CB5002FAEBF /* MrPlanner.app */ = {isa = PBXFileReference; explicitFileType = wrapper.application; includeInIndex = 0; path = MrPlanner.app; sourceTree = BUILT_PRODUCTS_DIR; };
		5F7C214B22195CB5002FAEBF /* AppDelegate.swift */ = {isa = PBXFileReference; lastKnownFileType = sourcecode.swift; path = AppDelegate.swift; sourceTree = "<group>"; };
		5F7C215022195CB5002FAEBF /* Base */ = {isa = PBXFileReference; lastKnownFileType = file.storyboard; name = Base; path = Base.lproj/Main.storyboard; sourceTree = "<group>"; };
		5F7C215522195CB7002FAEBF /* Base */ = {isa = PBXFileReference; lastKnownFileType = file.storyboard; name = Base; path = Base.lproj/LaunchScreen.storyboard; sourceTree = "<group>"; };
		5F7C215722195CB7002FAEBF /* Info.plist */ = {isa = PBXFileReference; lastKnownFileType = text.plist.xml; path = Info.plist; sourceTree = "<group>"; };
		5F7C215D22195E45002FAEBF /* BookDetail.swift */ = {isa = PBXFileReference; lastKnownFileType = sourcecode.swift; path = BookDetail.swift; sourceTree = "<group>"; };
		5F8F64D8227AD2DA00D86900 /* BookSelectionVC.swift */ = {isa = PBXFileReference; lastKnownFileType = sourcecode.swift; path = BookSelectionVC.swift; sourceTree = "<group>"; };
		5F8F64DA227AE84700D86900 /* Checkmark.swift */ = {isa = PBXFileReference; lastKnownFileType = sourcecode.swift; path = Checkmark.swift; sourceTree = "<group>"; };
		5F8F64DC228004BC00D86900 /* PlanOptionsVC.swift */ = {isa = PBXFileReference; lastKnownFileType = sourcecode.swift; path = PlanOptionsVC.swift; sourceTree = "<group>"; };
		5F8F64DE2280213000D86900 /* NetworkManager.swift */ = {isa = PBXFileReference; lastKnownFileType = sourcecode.swift; path = NetworkManager.swift; sourceTree = "<group>"; };
		5F8F64E02280235E00D86900 /* LaunchController.swift */ = {isa = PBXFileReference; lastKnownFileType = sourcecode.swift; path = LaunchController.swift; sourceTree = "<group>"; };
		5F8F64E222802DCC00D86900 /* OfflineViewController.swift */ = {isa = PBXFileReference; lastKnownFileType = sourcecode.swift; path = OfflineViewController.swift; sourceTree = "<group>"; };
		5F9D8B102265C22B0086E1F6 /* Calendar.storyboard */ = {isa = PBXFileReference; lastKnownFileType = file.storyboard; path = Calendar.storyboard; sourceTree = "<group>"; };
		5FABC856223E9AAB00E275BE /* SF-Pro-Text-BoldItalic.otf */ = {isa = PBXFileReference; lastKnownFileType = file; path = "SF-Pro-Text-BoldItalic.otf"; sourceTree = "<group>"; };
		5FABC857223E9AAC00E275BE /* SF-Pro-Text-Semibold.otf */ = {isa = PBXFileReference; lastKnownFileType = file; path = "SF-Pro-Text-Semibold.otf"; sourceTree = "<group>"; };
		5FABC858223E9AAC00E275BE /* SF-Pro-Display-RegularItalic.otf */ = {isa = PBXFileReference; lastKnownFileType = file; path = "SF-Pro-Display-RegularItalic.otf"; sourceTree = "<group>"; };
		5FABC859223E9AAC00E275BE /* SF-Pro-Text-LightItalic.otf */ = {isa = PBXFileReference; lastKnownFileType = file; path = "SF-Pro-Text-LightItalic.otf"; sourceTree = "<group>"; };
		5FABC85A223E9AAC00E275BE /* SF-Pro-Text-Heavy.otf */ = {isa = PBXFileReference; lastKnownFileType = file; path = "SF-Pro-Text-Heavy.otf"; sourceTree = "<group>"; };
		5FABC85B223E9AAD00E275BE /* SF-Pro-Display-MediumItalic.otf */ = {isa = PBXFileReference; lastKnownFileType = file; path = "SF-Pro-Display-MediumItalic.otf"; sourceTree = "<group>"; };
		5FABC85C223E9AAD00E275BE /* SF-Pro-Display-HeavyItalic.otf */ = {isa = PBXFileReference; lastKnownFileType = file; path = "SF-Pro-Display-HeavyItalic.otf"; sourceTree = "<group>"; };
		5FABC85D223E9AAD00E275BE /* SF-Pro-Display-UltralightItalic.otf */ = {isa = PBXFileReference; lastKnownFileType = file; path = "SF-Pro-Display-UltralightItalic.otf"; sourceTree = "<group>"; };
		5FABC85E223E9AAE00E275BE /* SF-Pro-Text-RegularItalic.otf */ = {isa = PBXFileReference; lastKnownFileType = file; path = "SF-Pro-Text-RegularItalic.otf"; sourceTree = "<group>"; };
		5FABC85F223E9AAE00E275BE /* SF-Pro-Display-Ultralight.otf */ = {isa = PBXFileReference; lastKnownFileType = file; path = "SF-Pro-Display-Ultralight.otf"; sourceTree = "<group>"; };
		5FABC860223E9AAE00E275BE /* SF-Pro-Display-SemiboldItalic.otf */ = {isa = PBXFileReference; lastKnownFileType = file; path = "SF-Pro-Display-SemiboldItalic.otf"; sourceTree = "<group>"; };
		5FABC861223E9AAF00E275BE /* SF-Pro-Display-Medium.otf */ = {isa = PBXFileReference; lastKnownFileType = file; path = "SF-Pro-Display-Medium.otf"; sourceTree = "<group>"; };
		5FABC862223E9AAF00E275BE /* SF-Pro-Display-ThinItalic.otf */ = {isa = PBXFileReference; lastKnownFileType = file; path = "SF-Pro-Display-ThinItalic.otf"; sourceTree = "<group>"; };
		5FABC863223E9AB000E275BE /* SF-Pro-Text-Medium.otf */ = {isa = PBXFileReference; lastKnownFileType = file; path = "SF-Pro-Text-Medium.otf"; sourceTree = "<group>"; };
		5FABC864223E9AB000E275BE /* SF-Pro-Text-SemiboldItalic.otf */ = {isa = PBXFileReference; lastKnownFileType = file; path = "SF-Pro-Text-SemiboldItalic.otf"; sourceTree = "<group>"; };
		5FABC865223E9AB000E275BE /* SF-Pro-Display-BoldItalic.otf */ = {isa = PBXFileReference; lastKnownFileType = file; path = "SF-Pro-Display-BoldItalic.otf"; sourceTree = "<group>"; };
		5FABC866223E9AB100E275BE /* SF-Pro-Text-HeavyItalic.otf */ = {isa = PBXFileReference; lastKnownFileType = file; path = "SF-Pro-Text-HeavyItalic.otf"; sourceTree = "<group>"; };
		5FABC867223E9AB100E275BE /* SF-Pro-Display-Bold.otf */ = {isa = PBXFileReference; lastKnownFileType = file; path = "SF-Pro-Display-Bold.otf"; sourceTree = "<group>"; };
		5FABC868223E9AB100E275BE /* SF-Pro-Display-Black.otf */ = {isa = PBXFileReference; lastKnownFileType = file; path = "SF-Pro-Display-Black.otf"; sourceTree = "<group>"; };
		5FABC869223E9AB200E275BE /* SF-Pro-Display-Regular.otf */ = {isa = PBXFileReference; lastKnownFileType = file; path = "SF-Pro-Display-Regular.otf"; sourceTree = "<group>"; };
		5FABC86A223E9AB200E275BE /* SF-Pro-Display-Thin.otf */ = {isa = PBXFileReference; lastKnownFileType = file; path = "SF-Pro-Display-Thin.otf"; sourceTree = "<group>"; };
		5FABC86B223E9AB300E275BE /* SF-Pro-Text-Light.otf */ = {isa = PBXFileReference; lastKnownFileType = file; path = "SF-Pro-Text-Light.otf"; sourceTree = "<group>"; };
		5FABC86C223E9AB300E275BE /* SF-Pro-Display-BlackItalic.otf */ = {isa = PBXFileReference; lastKnownFileType = file; path = "SF-Pro-Display-BlackItalic.otf"; sourceTree = "<group>"; };
		5FABC86D223E9AB300E275BE /* SF-Pro-Display-Semibold.otf */ = {isa = PBXFileReference; lastKnownFileType = file; path = "SF-Pro-Display-Semibold.otf"; sourceTree = "<group>"; };
		5FABC86E223E9AB400E275BE /* SF-Pro-Text-Regular.otf */ = {isa = PBXFileReference; lastKnownFileType = file; path = "SF-Pro-Text-Regular.otf"; sourceTree = "<group>"; };
		5FABC86F223E9AB400E275BE /* SF-Pro-Display-LightItalic.otf */ = {isa = PBXFileReference; lastKnownFileType = file; path = "SF-Pro-Display-LightItalic.otf"; sourceTree = "<group>"; };
		5FABC870223E9AB400E275BE /* SF-Pro-Display-Heavy.otf */ = {isa = PBXFileReference; lastKnownFileType = file; path = "SF-Pro-Display-Heavy.otf"; sourceTree = "<group>"; };
		5FABC871223E9AB500E275BE /* SF-Pro-Text-Bold.otf */ = {isa = PBXFileReference; lastKnownFileType = file; path = "SF-Pro-Text-Bold.otf"; sourceTree = "<group>"; };
		5FABC872223E9AB500E275BE /* SF-Pro-Display-Light.otf */ = {isa = PBXFileReference; lastKnownFileType = file; path = "SF-Pro-Display-Light.otf"; sourceTree = "<group>"; };
		5FABC873223E9AB500E275BE /* SF-Pro-Text-MediumItalic.otf */ = {isa = PBXFileReference; lastKnownFileType = file; path = "SF-Pro-Text-MediumItalic.otf"; sourceTree = "<group>"; };
		5FABC893223E9ADA00E275BE /* SF-Compact-Display-Heavy.otf */ = {isa = PBXFileReference; lastKnownFileType = file; path = "SF-Compact-Display-Heavy.otf"; sourceTree = "<group>"; };
		5FABC894223E9ADA00E275BE /* SF-Compact-Display-Black.otf */ = {isa = PBXFileReference; lastKnownFileType = file; path = "SF-Compact-Display-Black.otf"; sourceTree = "<group>"; };
		5FABC895223E9ADA00E275BE /* SF-Compact-Text-Bold.otf */ = {isa = PBXFileReference; lastKnownFileType = file; path = "SF-Compact-Text-Bold.otf"; sourceTree = "<group>"; };
		5FABC896223E9ADB00E275BE /* SF-Compact-Display-Regular.otf */ = {isa = PBXFileReference; lastKnownFileType = file; path = "SF-Compact-Display-Regular.otf"; sourceTree = "<group>"; };
		5FABC897223E9ADB00E275BE /* SF-Compact-Display-Bold.otf */ = {isa = PBXFileReference; lastKnownFileType = file; path = "SF-Compact-Display-Bold.otf"; sourceTree = "<group>"; };
		5FABC898223E9ADC00E275BE /* SF-Compact-Display-Ultralight.otf */ = {isa = PBXFileReference; lastKnownFileType = file; path = "SF-Compact-Display-Ultralight.otf"; sourceTree = "<group>"; };
		5FABC899223E9ADC00E275BE /* SF-Compact-Display-Semibold.otf */ = {isa = PBXFileReference; lastKnownFileType = file; path = "SF-Compact-Display-Semibold.otf"; sourceTree = "<group>"; };
		5FABC89A223E9ADD00E275BE /* SF-Compact-Text-Heavy.otf */ = {isa = PBXFileReference; lastKnownFileType = file; path = "SF-Compact-Text-Heavy.otf"; sourceTree = "<group>"; };
		5FABC89B223E9ADD00E275BE /* SF-Compact-Text-MediumItalic.otf */ = {isa = PBXFileReference; lastKnownFileType = file; path = "SF-Compact-Text-MediumItalic.otf"; sourceTree = "<group>"; };
		5FABC89C223E9ADD00E275BE /* SF-Compact-Text-Semibold.otf */ = {isa = PBXFileReference; lastKnownFileType = file; path = "SF-Compact-Text-Semibold.otf"; sourceTree = "<group>"; };
		5FABC89D223E9ADD00E275BE /* SF-Compact-Text-SemiboldItalic.otf */ = {isa = PBXFileReference; lastKnownFileType = file; path = "SF-Compact-Text-SemiboldItalic.otf"; sourceTree = "<group>"; };
		5FABC89E223E9ADE00E275BE /* SF-Compact-Display-Medium.otf */ = {isa = PBXFileReference; lastKnownFileType = file; path = "SF-Compact-Display-Medium.otf"; sourceTree = "<group>"; };
		5FABC89F223E9ADE00E275BE /* SF-Compact-Text-BoldItalic.otf */ = {isa = PBXFileReference; lastKnownFileType = file; path = "SF-Compact-Text-BoldItalic.otf"; sourceTree = "<group>"; };
		5FABC8A0223E9ADE00E275BE /* SF-Compact-Text-Light.otf */ = {isa = PBXFileReference; lastKnownFileType = file; path = "SF-Compact-Text-Light.otf"; sourceTree = "<group>"; };
		5FABC8A1223E9ADF00E275BE /* SF-Compact-Text-LightItalic.otf */ = {isa = PBXFileReference; lastKnownFileType = file; path = "SF-Compact-Text-LightItalic.otf"; sourceTree = "<group>"; };
		5FABC8A2223E9ADF00E275BE /* SF-Compact-Text-Medium.otf */ = {isa = PBXFileReference; lastKnownFileType = file; path = "SF-Compact-Text-Medium.otf"; sourceTree = "<group>"; };
		5FABC8A3223E9AE000E275BE /* SF-Compact-Text-Regular.otf */ = {isa = PBXFileReference; lastKnownFileType = file; path = "SF-Compact-Text-Regular.otf"; sourceTree = "<group>"; };
		5FABC8A4223E9AE000E275BE /* SF-Compact-Text-RegularItalic.otf */ = {isa = PBXFileReference; lastKnownFileType = file; path = "SF-Compact-Text-RegularItalic.otf"; sourceTree = "<group>"; };
		5FABC8A5223E9AE000E275BE /* SF-Compact-Display-Light.otf */ = {isa = PBXFileReference; lastKnownFileType = file; path = "SF-Compact-Display-Light.otf"; sourceTree = "<group>"; };
		5FABC8A6223E9AE100E275BE /* SF-Compact-Text-HeavyItalic.otf */ = {isa = PBXFileReference; lastKnownFileType = file; path = "SF-Compact-Text-HeavyItalic.otf"; sourceTree = "<group>"; };
		5FABC8A7223E9AE100E275BE /* SF-Compact-Display-Thin.otf */ = {isa = PBXFileReference; lastKnownFileType = file; path = "SF-Compact-Display-Thin.otf"; sourceTree = "<group>"; };
		5FABC8BE223E9B1200E275BE /* SF-Compact-Rounded-Regular.otf */ = {isa = PBXFileReference; lastKnownFileType = file; path = "SF-Compact-Rounded-Regular.otf"; sourceTree = "<group>"; };
		5FABC8BF223E9B1300E275BE /* SF-Compact-Rounded-Light.otf */ = {isa = PBXFileReference; lastKnownFileType = file; path = "SF-Compact-Rounded-Light.otf"; sourceTree = "<group>"; };
		5FABC8C0223E9B1300E275BE /* SF-Compact-Rounded-Black.otf */ = {isa = PBXFileReference; lastKnownFileType = file; path = "SF-Compact-Rounded-Black.otf"; sourceTree = "<group>"; };
		5FABC8C1223E9B1300E275BE /* SF-Compact-Rounded-Heavy.otf */ = {isa = PBXFileReference; lastKnownFileType = file; path = "SF-Compact-Rounded-Heavy.otf"; sourceTree = "<group>"; };
		5FABC8C2223E9B1400E275BE /* SF-Compact-Rounded-Bold.otf */ = {isa = PBXFileReference; lastKnownFileType = file; path = "SF-Compact-Rounded-Bold.otf"; sourceTree = "<group>"; };
		5FABC8C3223E9B1400E275BE /* SF-Compact-Rounded-Semibold.otf */ = {isa = PBXFileReference; lastKnownFileType = file; path = "SF-Compact-Rounded-Semibold.otf"; sourceTree = "<group>"; };
		5FABC8C4223E9B1400E275BE /* SF-Compact-Rounded-Medium.otf */ = {isa = PBXFileReference; lastKnownFileType = file; path = "SF-Compact-Rounded-Medium.otf"; sourceTree = "<group>"; };
		5FABC8C5223E9B1500E275BE /* SF-Compact-Rounded-Thin.otf */ = {isa = PBXFileReference; lastKnownFileType = file; path = "SF-Compact-Rounded-Thin.otf"; sourceTree = "<group>"; };
		5FABC8C6223E9B1500E275BE /* SF-Compact-Rounded-Ultralight.otf */ = {isa = PBXFileReference; lastKnownFileType = file; path = "SF-Compact-Rounded-Ultralight.otf"; sourceTree = "<group>"; };
		5FADA482223D4C2200F1B2A8 /* SplashViewController.swift */ = {isa = PBXFileReference; lastKnownFileType = sourcecode.swift; path = SplashViewController.swift; sourceTree = "<group>"; };
		5FB412A8222A7B5200B4A3E7 /* PopularReadersCVC.swift */ = {isa = PBXFileReference; lastKnownFileType = sourcecode.swift; path = PopularReadersCVC.swift; sourceTree = "<group>"; };
		5FB412AA222A7B6900B4A3E7 /* PopularReadersCell.swift */ = {isa = PBXFileReference; lastKnownFileType = sourcecode.swift; path = PopularReadersCell.swift; sourceTree = "<group>"; };
		5FB412AD222A8DC100B4A3E7 /* PopularBookCell.swift */ = {isa = PBXFileReference; lastKnownFileType = sourcecode.swift; path = PopularBookCell.swift; sourceTree = "<group>"; };
		5FB412AF222A8DD500B4A3E7 /* PopularBookCVC.swift */ = {isa = PBXFileReference; lastKnownFileType = sourcecode.swift; path = PopularBookCVC.swift; sourceTree = "<group>"; };
		5FB412B1222AB6B100B4A3E7 /* Hiragino Sans GB.ttc */ = {isa = PBXFileReference; lastKnownFileType = file; path = "Hiragino Sans GB.ttc"; sourceTree = "<group>"; };
		5FB412B3222AC8B800B4A3E7 /* TabBar.swift */ = {isa = PBXFileReference; lastKnownFileType = sourcecode.swift; path = TabBar.swift; sourceTree = "<group>"; };
		5FB7E625223E2F8100A7B9CB /* Books.swift */ = {isa = PBXFileReference; fileEncoding = 4; lastKnownFileType = sourcecode.swift; path = Books.swift; sourceTree = "<group>"; };
		5FB7E628223E3B1B00A7B9CB /* BookDetailVC.swift */ = {isa = PBXFileReference; lastKnownFileType = sourcecode.swift; path = BookDetailVC.swift; sourceTree = "<group>"; };
		5FB8917D22972BE200269E68 /* CalendarView.storyboard */ = {isa = PBXFileReference; lastKnownFileType = file.storyboard; path = CalendarView.storyboard; sourceTree = "<group>"; };
		5FB8917F22972F1C00269E68 /* CalendarViewVC.swift */ = {isa = PBXFileReference; lastKnownFileType = sourcecode.swift; path = CalendarViewVC.swift; sourceTree = "<group>"; };
		5FC9FA2B22782A1700777AA5 /* DefaultViewModel.swift */ = {isa = PBXFileReference; fileEncoding = 4; lastKnownFileType = sourcecode.swift; path = DefaultViewModel.swift; sourceTree = "<group>"; };
		5FC9FA2C22782A1800777AA5 /* DefaultWeekView.swift */ = {isa = PBXFileReference; fileEncoding = 4; lastKnownFileType = sourcecode.swift; path = DefaultWeekView.swift; sourceTree = "<group>"; };
		5FC9FA2D22782A1800777AA5 /* EventCell.swift */ = {isa = PBXFileReference; fileEncoding = 4; lastKnownFileType = sourcecode.swift; path = EventCell.swift; sourceTree = "<group>"; };
		5FC9FA2E22782A1800777AA5 /* DefaultEvent.swift */ = {isa = PBXFileReference; fileEncoding = 4; lastKnownFileType = sourcecode.swift; path = DefaultEvent.swift; sourceTree = "<group>"; };
		5FC9FA2F22782A1900777AA5 /* EventCell.xib */ = {isa = PBXFileReference; fileEncoding = 4; lastKnownFileType = file.xib; path = EventCell.xib; sourceTree = "<group>"; };
		5FC9FA3022782A1900777AA5 /* DefaultViewController.swift */ = {isa = PBXFileReference; fileEncoding = 4; lastKnownFileType = sourcecode.swift; path = DefaultViewController.swift; sourceTree = "<group>"; };
		5FC9FA3822782A3500777AA5 /* ToastUtil.swift */ = {isa = PBXFileReference; fileEncoding = 4; lastKnownFileType = sourcecode.swift; path = ToastUtil.swift; sourceTree = "<group>"; };
		5FC9FA3922782A3600777AA5 /* Extensions.swift */ = {isa = PBXFileReference; fileEncoding = 4; lastKnownFileType = sourcecode.swift; path = Extensions.swift; sourceTree = "<group>"; };
		5FD15E0C2225969900DB5BFE /* MainVC.swift */ = {isa = PBXFileReference; lastKnownFileType = sourcecode.swift; path = MainVC.swift; sourceTree = "<group>"; };
		5FE54D79228421970096402A /* WalkthroughVC.swift */ = {isa = PBXFileReference; lastKnownFileType = sourcecode.swift; path = WalkthroughVC.swift; sourceTree = "<group>"; };
		5FE54D7B228421DF0096402A /* Slide.swift */ = {isa = PBXFileReference; lastKnownFileType = sourcecode.swift; path = Slide.swift; sourceTree = "<group>"; };
		5FE54D7F2284271C0096402A /* Slide.xib */ = {isa = PBXFileReference; fileEncoding = 4; lastKnownFileType = file.xib; path = Slide.xib; sourceTree = "<group>"; };
		5FE54D8222844A4E0096402A /* Login.storyboard */ = {isa = PBXFileReference; lastKnownFileType = file.storyboard; path = Login.storyboard; sourceTree = "<group>"; };
		5FE54D842284700C0096402A /* RegisterVC.swift */ = {isa = PBXFileReference; lastKnownFileType = sourcecode.swift; path = RegisterVC.swift; sourceTree = "<group>"; };
		5FE54D862288A3810096402A /* GoodreadsService.swift */ = {isa = PBXFileReference; lastKnownFileType = sourcecode.swift; path = GoodreadsService.swift; sourceTree = "<group>"; };
		5FE54D882288A76F0096402A /* Secrets.strings */ = {isa = PBXFileReference; lastKnownFileType = text.plist.strings; path = Secrets.strings; sourceTree = "<group>"; };
		5FE54D8B2288AA3A0096402A /* AuthStorageService.swift */ = {isa = PBXFileReference; lastKnownFileType = sourcecode.swift; path = AuthStorageService.swift; sourceTree = "<group>"; };
		5FE54D8D2288AABD0096402A /* KeychainPasswordItem.swift */ = {isa = PBXFileReference; lastKnownFileType = sourcecode.swift; path = KeychainPasswordItem.swift; sourceTree = "<group>"; };
		5FE54D8F2289876C0096402A /* Shelf.swift */ = {isa = PBXFileReference; lastKnownFileType = sourcecode.swift; path = Shelf.swift; sourceTree = "<group>"; };
		5FE54D9122898D5C0096402A /* Book.swift */ = {isa = PBXFileReference; lastKnownFileType = sourcecode.swift; path = Book.swift; sourceTree = "<group>"; };
		5FE54D9322898E190096402A /* Author.swift */ = {isa = PBXFileReference; lastKnownFileType = sourcecode.swift; path = Author.swift; sourceTree = "<group>"; };
		5FE54D952289D8520096402A /* GoodreadsVC.swift */ = {isa = PBXFileReference; lastKnownFileType = sourcecode.swift; path = GoodreadsVC.swift; sourceTree = "<group>"; };
		5FF14D782250AA0300FF42A8 /* ProfileActivePlansTVC.swift */ = {isa = PBXFileReference; lastKnownFileType = sourcecode.swift; path = ProfileActivePlansTVC.swift; sourceTree = "<group>"; };
		5FF14D7A2250AE0500FF42A8 /* ActivePlansCell.swift */ = {isa = PBXFileReference; lastKnownFileType = sourcecode.swift; path = ActivePlansCell.swift; sourceTree = "<group>"; };
		5FF26D56224A116500D23645 /* ReviewTVC.swift */ = {isa = PBXFileReference; lastKnownFileType = sourcecode.swift; path = ReviewTVC.swift; sourceTree = "<group>"; };
		5FFA1A3F2239559E00A484F4 /* WalkthroughVC.storyboard */ = {isa = PBXFileReference; lastKnownFileType = file.storyboard; path = WalkthroughVC.storyboard; sourceTree = "<group>"; };
		5FFB9E562250E65F00473A5E /* ProfileActivitiesTVC.swift */ = {isa = PBXFileReference; lastKnownFileType = sourcecode.swift; path = ProfileActivitiesTVC.swift; sourceTree = "<group>"; };
		5FFB9E582250E7B300473A5E /* ProfileActivitiesCell.swift */ = {isa = PBXFileReference; lastKnownFileType = sourcecode.swift; path = ProfileActivitiesCell.swift; sourceTree = "<group>"; };
		905BC6073AA8B982E8B243B3 /* Pods_OneSignalNotificationServiceExtension.framework */ = {isa = PBXFileReference; explicitFileType = wrapper.framework; includeInIndex = 0; path = Pods_OneSignalNotificationServiceExtension.framework; sourceTree = BUILT_PRODUCTS_DIR; };
		A57A700E957A881C32B8D3E7 /* Pods-MrPlanner.release.xcconfig */ = {isa = PBXFileReference; includeInIndex = 1; lastKnownFileType = text.xcconfig; name = "Pods-MrPlanner.release.xcconfig"; path = "Target Support Files/Pods-MrPlanner/Pods-MrPlanner.release.xcconfig"; sourceTree = "<group>"; };
		D17642E08F23420967DA7F7F /* Pods-MrPlanner.debug.xcconfig */ = {isa = PBXFileReference; includeInIndex = 1; lastKnownFileType = text.xcconfig; name = "Pods-MrPlanner.debug.xcconfig"; path = "Target Support Files/Pods-MrPlanner/Pods-MrPlanner.debug.xcconfig"; sourceTree = "<group>"; };
		E44BDCD0AFAC4A5DFF60663F /* Pods-OneSignalNotificationServiceExtension.debug.xcconfig */ = {isa = PBXFileReference; includeInIndex = 1; lastKnownFileType = text.xcconfig; name = "Pods-OneSignalNotificationServiceExtension.debug.xcconfig"; path = "Target Support Files/Pods-OneSignalNotificationServiceExtension/Pods-OneSignalNotificationServiceExtension.debug.xcconfig"; sourceTree = "<group>"; };
/* End PBXFileReference section */

/* Begin PBXFrameworksBuildPhase section */
		5F77761E2227C69800D1A7A7 /* Frameworks */ = {
			isa = PBXFrameworksBuildPhase;
			buildActionMask = 2147483647;
			files = (
				3972B3E0D7884376B242916B /* Pods_OneSignalNotificationServiceExtension.framework in Frameworks */,
			);
			runOnlyForDeploymentPostprocessing = 0;
		};
		5F7C214522195CB5002FAEBF /* Frameworks */ = {
			isa = PBXFrameworksBuildPhase;
			buildActionMask = 2147483647;
			files = (
				3F07507BF9FFC1CF85C84F42 /* Pods_MrPlanner.framework in Frameworks */,
			);
			runOnlyForDeploymentPostprocessing = 0;
		};
/* End PBXFrameworksBuildPhase section */

/* Begin PBXGroup section */
		5F10A99122A697480002F1A0 /* New Group */ = {
			isa = PBXGroup;
			children = (
				5F10A98F22A697290002F1A0 /* Shelf.storyboard */,
				5F10A99222A697650002F1A0 /* ShelfVC.swift */,
			);
			name = "New Group";
			path = "Profile/New Group";
			sourceTree = "<group>";
		};
		5F14A6CB2242AC49008384D3 /* Book Detail */ = {
			isa = PBXGroup;
			children = (
				5F64F7BD224C999300265FF1 /* AddReviewVC.swift */,
				5F14A6C9224238AE008384D3 /* TabbarMultipleChild.swift */,
				5FB7E628223E3B1B00A7B9CB /* BookDetailVC.swift */,
				5F14A6CC2242AC72008384D3 /* IntroductionVC.swift */,
				5F14A6CE2242AC87008384D3 /* DetailVC.swift */,
				5FF26D56224A116500D23645 /* ReviewTVC.swift */,
			);
			path = "Book Detail";
			sourceTree = "<group>";
		};
		5F4698B4228AE1740070CE57 /* Init */ = {
			isa = PBXGroup;
			children = (
				5FE54D8F2289876C0096402A /* Shelf.swift */,
				5FE54D9122898D5C0096402A /* Book.swift */,
				5FE54D9322898E190096402A /* Author.swift */,
				5FE54D882288A76F0096402A /* Secrets.strings */,
			);
			path = Init;
			sourceTree = "<group>";
		};
		5F4698B5228AE25A0070CE57 /* Walkthrough */ = {
			isa = PBXGroup;
			children = (
				5FFA1A3F2239559E00A484F4 /* WalkthroughVC.storyboard */,
				5FE54D79228421970096402A /* WalkthroughVC.swift */,
				5FE54D7B228421DF0096402A /* Slide.swift */,
				5FE54D7F2284271C0096402A /* Slide.xib */,
			);
			path = Walkthrough;
			sourceTree = "<group>";
		};
		5F4AF7B622996CB900D1C2DD /* CalendarView */ = {
			isa = PBXGroup;
			children = (
				5FB8917D22972BE200269E68 /* CalendarView.storyboard */,
				5FB8917F22972F1C00269E68 /* CalendarViewVC.swift */,
				5F4AF7BB229974C700D1C2DD /* WeekView.swift */,
				5F4AF7B92299742700D1C2DD /* EventNewCell.swift */,
				5F4AF7B7229973DD00D1C2DD /* EventNewCell.xib */,
			);
			path = CalendarView;
			sourceTree = "<group>";
		};
		5F5A734722363D9F0003F66E /* SearchGoogleCVC */ = {
			isa = PBXGroup;
			children = (
				5F467BB7223565C000D3F41F /* SearchResultCVC.swift */,
				5F467BB9223565E700D3F41F /* SearchResultCell.swift */,
				5F467BB52235652400D3F41F /* GoogleSearchCollectionResult.storyboard */,
			);
			path = SearchGoogleCVC;
			sourceTree = "<group>";
		};
		5F5A7348223697860003F66E /* Fonts */ = {
			isa = PBXGroup;
			children = (
				5FABC8BD223E9B0700E275BE /* SF Compact Rounded */,
				5FABC892223E9AC900E275BE /* SF Compact */,
				5FABC855223E9A9200E275BE /* SF Pro */,
				5FB412B1222AB6B100B4A3E7 /* Hiragino Sans GB.ttc */,
			);
			path = Fonts;
			sourceTree = "<group>";
		};
		5F64F7C1224F49AE00265FF1 /* Profile */ = {
			isa = PBXGroup;
			children = (
				5F64F7BF224F499A00265FF1 /* Profile.storyboard */,
				5FFB9E582250E7B300473A5E /* ProfileActivitiesCell.swift */,
				5FFB9E562250E65F00473A5E /* ProfileActivitiesTVC.swift */,
				5FF14D7A2250AE0500FF42A8 /* ActivePlansCell.swift */,
				5FF14D782250AA0300FF42A8 /* ProfileActivePlansTVC.swift */,
				5F64F7C4224F5C3C00265FF1 /* UpperVC.swift */,
				5F64F7C2224F4D2400265FF1 /* ProfileVC.swift */,
			);
			path = Profile;
			sourceTree = "<group>";
		};
		5F6BBEC822798FDB001020BB /* BookSelection */ = {
			isa = PBXGroup;
			children = (
				5F6BBEC922799072001020BB /* ‌BookSelection.storyboard */,
				5F8F64D8227AD2DA00D86900 /* BookSelectionVC.swift */,
			);
			path = BookSelection;
			sourceTree = "<group>";
		};
		5F76AA7A221B0371003BE931 /* BookSearch */ = {
			isa = PBXGroup;
			children = (
				5F467BB3223564BF00D3F41F /* GoogleSearchTableResult.storyboard */,
				5F76AA7D221C01C0003BE931 /* googleSearchTVC.swift */,
				5F76AA742219993E003BE931 /* SearchTVC.swift */,
				5F76AA782219A373003BE931 /* BookTVCell.swift */,
				5F7C215D22195E45002FAEBF /* BookDetail.swift */,
			);
			path = BookSearch;
			sourceTree = "<group>";
		};
		5F7776222227C69800D1A7A7 /* OneSignalNotificationServiceExtension */ = {
			isa = PBXGroup;
			children = (
				5F77762D2227C7E300D1A7A7 /* OneSignalNotificationServiceExtension.entitlements */,
				5F7776232227C69800D1A7A7 /* NotificationService.swift */,
				5F7776252227C69800D1A7A7 /* Info.plist */,
			);
			path = OneSignalNotificationServiceExtension;
			sourceTree = "<group>";
		};
		5F7C213F22195CB5002FAEBF = {
			isa = PBXGroup;
			children = (
				5F7C214A22195CB5002FAEBF /* MrPlanner */,
				5F7776222227C69800D1A7A7 /* OneSignalNotificationServiceExtension */,
				5F7C214922195CB5002FAEBF /* Products */,
				74A6A8B1BC4E0EE1E5512F8F /* Pods */,
				E28E5D840498D224115214BF /* Frameworks */,
			);
			sourceTree = "<group>";
		};
		5F7C214922195CB5002FAEBF /* Products */ = {
			isa = PBXGroup;
			children = (
				5F7C214822195CB5002FAEBF /* MrPlanner.app */,
				5F7776212227C69800D1A7A7 /* OneSignalNotificationServiceExtension.appex */,
			);
			name = Products;
			sourceTree = "<group>";
		};
		5F7C214A22195CB5002FAEBF /* MrPlanner */ = {
			isa = PBXGroup;
			children = (
				5F5619AF22A3D9AC008D26AE /* GoogleBookService.swift */,
				5F77761C2226F11700D1A7A7 /* MrPlanner.entitlements */,
				5F7C214B22195CB5002FAEBF /* AppDelegate.swift */,
				5F10A98D22A546BE0002F1A0 /* MrPlannerAuthStorageService.swift */,
				5FB7E627223E2F9500A7B9CB /* init */,
				5F5A7348223697860003F66E /* Fonts */,
				5FB412A6222A7AF300B4A3E7 /* MainVC */,
				5F4AF7B622996CB900D1C2DD /* CalendarView */,
				5F9D8B0F2265C18B0086E1F6 /* Calendar */,
				5F10A99122A697480002F1A0 /* New Group */,
				5F64F7C1224F49AE00265FF1 /* Profile */,
				5F14A6CB2242AC49008384D3 /* Book Detail */,
				5F5A734722363D9F0003F66E /* SearchGoogleCVC */,
				5F76AA7A221B0371003BE931 /* BookSearch */,
				5FE54D8A2288AA0B0096402A /* Goodreads */,
				5F4698B5228AE25A0070CE57 /* Walkthrough */,
				5FE54D81228449FA0096402A /* LoginRegister */,
				5F7C214F22195CB5002FAEBF /* Main.storyboard */,
				5F7C215422195CB7002FAEBF /* LaunchScreen.storyboard */,
				5F7C215722195CB7002FAEBF /* Info.plist */,
				5F77761A2226ED2C00D1A7A7 /* GoogleService-Info.plist */,
				5F4AF7C1229A9FBA00D1C2DD /* Assets.xcassets */,
			);
			path = MrPlanner;
			sourceTree = "<group>";
		};
		5F9D8B0F2265C18B0086E1F6 /* Calendar */ = {
			isa = PBXGroup;
			children = (
				5FC9FA2A227829CB00777AA5 /* JZCalendar */,
				5F6BBEC822798FDB001020BB /* BookSelection */,
				5F9D8B102265C22B0086E1F6 /* Calendar.storyboard */,
				5F8F64DC228004BC00D86900 /* PlanOptionsVC.swift */,
			);
			path = Calendar;
			sourceTree = "<group>";
		};
		5FABC855223E9A9200E275BE /* SF Pro */ = {
			isa = PBXGroup;
			children = (
				5FABC868223E9AB100E275BE /* SF-Pro-Display-Black.otf */,
				5FABC86C223E9AB300E275BE /* SF-Pro-Display-BlackItalic.otf */,
				5FABC867223E9AB100E275BE /* SF-Pro-Display-Bold.otf */,
				5FABC865223E9AB000E275BE /* SF-Pro-Display-BoldItalic.otf */,
				5FABC870223E9AB400E275BE /* SF-Pro-Display-Heavy.otf */,
				5FABC85C223E9AAD00E275BE /* SF-Pro-Display-HeavyItalic.otf */,
				5FABC872223E9AB500E275BE /* SF-Pro-Display-Light.otf */,
				5FABC86F223E9AB400E275BE /* SF-Pro-Display-LightItalic.otf */,
				5FABC861223E9AAF00E275BE /* SF-Pro-Display-Medium.otf */,
				5FABC85B223E9AAD00E275BE /* SF-Pro-Display-MediumItalic.otf */,
				5FABC869223E9AB200E275BE /* SF-Pro-Display-Regular.otf */,
				5FABC858223E9AAC00E275BE /* SF-Pro-Display-RegularItalic.otf */,
				5FABC86D223E9AB300E275BE /* SF-Pro-Display-Semibold.otf */,
				5FABC860223E9AAE00E275BE /* SF-Pro-Display-SemiboldItalic.otf */,
				5FABC86A223E9AB200E275BE /* SF-Pro-Display-Thin.otf */,
				5FABC862223E9AAF00E275BE /* SF-Pro-Display-ThinItalic.otf */,
				5FABC85F223E9AAE00E275BE /* SF-Pro-Display-Ultralight.otf */,
				5FABC85D223E9AAD00E275BE /* SF-Pro-Display-UltralightItalic.otf */,
				5FABC871223E9AB500E275BE /* SF-Pro-Text-Bold.otf */,
				5FABC856223E9AAB00E275BE /* SF-Pro-Text-BoldItalic.otf */,
				5FABC85A223E9AAC00E275BE /* SF-Pro-Text-Heavy.otf */,
				5FABC866223E9AB100E275BE /* SF-Pro-Text-HeavyItalic.otf */,
				5FABC86B223E9AB300E275BE /* SF-Pro-Text-Light.otf */,
				5FABC859223E9AAC00E275BE /* SF-Pro-Text-LightItalic.otf */,
				5FABC863223E9AB000E275BE /* SF-Pro-Text-Medium.otf */,
				5FABC873223E9AB500E275BE /* SF-Pro-Text-MediumItalic.otf */,
				5FABC86E223E9AB400E275BE /* SF-Pro-Text-Regular.otf */,
				5FABC85E223E9AAE00E275BE /* SF-Pro-Text-RegularItalic.otf */,
				5FABC857223E9AAC00E275BE /* SF-Pro-Text-Semibold.otf */,
				5FABC864223E9AB000E275BE /* SF-Pro-Text-SemiboldItalic.otf */,
			);
			path = "SF Pro";
			sourceTree = "<group>";
		};
		5FABC892223E9AC900E275BE /* SF Compact */ = {
			isa = PBXGroup;
			children = (
				5FABC894223E9ADA00E275BE /* SF-Compact-Display-Black.otf */,
				5FABC897223E9ADB00E275BE /* SF-Compact-Display-Bold.otf */,
				5FABC893223E9ADA00E275BE /* SF-Compact-Display-Heavy.otf */,
				5FABC8A5223E9AE000E275BE /* SF-Compact-Display-Light.otf */,
				5FABC89E223E9ADE00E275BE /* SF-Compact-Display-Medium.otf */,
				5FABC896223E9ADB00E275BE /* SF-Compact-Display-Regular.otf */,
				5FABC899223E9ADC00E275BE /* SF-Compact-Display-Semibold.otf */,
				5FABC8A7223E9AE100E275BE /* SF-Compact-Display-Thin.otf */,
				5FABC898223E9ADC00E275BE /* SF-Compact-Display-Ultralight.otf */,
				5FABC895223E9ADA00E275BE /* SF-Compact-Text-Bold.otf */,
				5FABC89F223E9ADE00E275BE /* SF-Compact-Text-BoldItalic.otf */,
				5FABC89A223E9ADD00E275BE /* SF-Compact-Text-Heavy.otf */,
				5FABC8A6223E9AE100E275BE /* SF-Compact-Text-HeavyItalic.otf */,
				5FABC8A0223E9ADE00E275BE /* SF-Compact-Text-Light.otf */,
				5FABC8A1223E9ADF00E275BE /* SF-Compact-Text-LightItalic.otf */,
				5FABC8A2223E9ADF00E275BE /* SF-Compact-Text-Medium.otf */,
				5FABC89B223E9ADD00E275BE /* SF-Compact-Text-MediumItalic.otf */,
				5FABC8A3223E9AE000E275BE /* SF-Compact-Text-Regular.otf */,
				5FABC8A4223E9AE000E275BE /* SF-Compact-Text-RegularItalic.otf */,
				5FABC89C223E9ADD00E275BE /* SF-Compact-Text-Semibold.otf */,
				5FABC89D223E9ADD00E275BE /* SF-Compact-Text-SemiboldItalic.otf */,
			);
			path = "SF Compact";
			sourceTree = "<group>";
		};
		5FABC8BD223E9B0700E275BE /* SF Compact Rounded */ = {
			isa = PBXGroup;
			children = (
				5FABC8C0223E9B1300E275BE /* SF-Compact-Rounded-Black.otf */,
				5FABC8C2223E9B1400E275BE /* SF-Compact-Rounded-Bold.otf */,
				5FABC8C1223E9B1300E275BE /* SF-Compact-Rounded-Heavy.otf */,
				5FABC8BF223E9B1300E275BE /* SF-Compact-Rounded-Light.otf */,
				5FABC8C4223E9B1400E275BE /* SF-Compact-Rounded-Medium.otf */,
				5FABC8BE223E9B1200E275BE /* SF-Compact-Rounded-Regular.otf */,
				5FABC8C3223E9B1400E275BE /* SF-Compact-Rounded-Semibold.otf */,
				5FABC8C5223E9B1500E275BE /* SF-Compact-Rounded-Thin.otf */,
				5FABC8C6223E9B1500E275BE /* SF-Compact-Rounded-Ultralight.otf */,
			);
			path = "SF Compact Rounded";
			sourceTree = "<group>";
		};
		5FB412A6222A7AF300B4A3E7 /* MainVC */ = {
			isa = PBXGroup;
			children = (
				5FB412AC222A8DA900B4A3E7 /* PopularBooks */,
				5FB412A7222A7B0800B4A3E7 /* PopularReadersCVC */,
				5FD15E0C2225969900DB5BFE /* MainVC.swift */,
			);
			path = MainVC;
			sourceTree = "<group>";
		};
		5FB412A7222A7B0800B4A3E7 /* PopularReadersCVC */ = {
			isa = PBXGroup;
			children = (
				5FB412A8222A7B5200B4A3E7 /* PopularReadersCVC.swift */,
				5FB412AA222A7B6900B4A3E7 /* PopularReadersCell.swift */,
			);
			path = PopularReadersCVC;
			sourceTree = "<group>";
		};
		5FB412AC222A8DA900B4A3E7 /* PopularBooks */ = {
			isa = PBXGroup;
			children = (
				5FB412AD222A8DC100B4A3E7 /* PopularBookCell.swift */,
				5FB412AF222A8DD500B4A3E7 /* PopularBookCVC.swift */,
			);
			path = PopularBooks;
			sourceTree = "<group>";
		};
		5FB7E627223E2F9500A7B9CB /* init */ = {
			isa = PBXGroup;
			children = (
				5F3CF7B8229149C700B80910 /* Shelve.swift */,
				5F76AA7B221B0739003BE931 /* UserInfoVC.swift */,
				5FB7E625223E2F8100A7B9CB /* Books.swift */,
				5FB412B3222AC8B800B4A3E7 /* TabBar.swift */,
				5FADA482223D4C2200F1B2A8 /* SplashViewController.swift */,
				5F8F64DE2280213000D86900 /* NetworkManager.swift */,
				5F8F64E02280235E00D86900 /* LaunchController.swift */,
				5F8F64E222802DCC00D86900 /* OfflineViewController.swift */,
				5F8F64DA227AE84700D86900 /* Checkmark.swift */,
				5F36BDF3228F83860033EA5C /* ValidationErrorType.swift */,
				5F5619AC22A1DFE3008D26AE /* MrPlannerConfig.swift */,
			);
			path = init;
			sourceTree = "<group>";
		};
		5FC9FA2A227829CB00777AA5 /* JZCalendar */ = {
			isa = PBXGroup;
			children = (
				5FC9FA3722782A1E00777AA5 /* Utils */,
				5FC9FA2E22782A1800777AA5 /* DefaultEvent.swift */,
				5FC9FA3022782A1900777AA5 /* DefaultViewController.swift */,
				5FC9FA2B22782A1700777AA5 /* DefaultViewModel.swift */,
				5FC9FA2C22782A1800777AA5 /* DefaultWeekView.swift */,
				5FC9FA2D22782A1800777AA5 /* EventCell.swift */,
				5FC9FA2F22782A1900777AA5 /* EventCell.xib */,
			);
			path = JZCalendar;
			sourceTree = "<group>";
		};
		5FC9FA3722782A1E00777AA5 /* Utils */ = {
			isa = PBXGroup;
			children = (
				5FC9FA3922782A3600777AA5 /* Extensions.swift */,
				5FC9FA3822782A3500777AA5 /* ToastUtil.swift */,
			);
			path = Utils;
			sourceTree = "<group>";
		};
		5FE54D81228449FA0096402A /* LoginRegister */ = {
			isa = PBXGroup;
			children = (
				5FE54D8222844A4E0096402A /* Login.storyboard */,
				5FE54D842284700C0096402A /* RegisterVC.swift */,
				5F36BDF1228F3F180033EA5C /* EmailVerifyVC.swift */,
				5F5619AA22A1CEEF008D26AE /* fillProfileVC.swift */,
			);
			path = LoginRegister;
			sourceTree = "<group>";
		};
		5FE54D8A2288AA0B0096402A /* Goodreads */ = {
			isa = PBXGroup;
			children = (
				5F4698B4228AE1740070CE57 /* Init */,
				5FE54D952289D8520096402A /* GoodreadsVC.swift */,
				5FE54D862288A3810096402A /* GoodreadsService.swift */,
				5FE54D8B2288AA3A0096402A /* AuthStorageService.swift */,
				5FE54D8D2288AABD0096402A /* KeychainPasswordItem.swift */,
			);
			path = Goodreads;
			sourceTree = "<group>";
		};
		74A6A8B1BC4E0EE1E5512F8F /* Pods */ = {
			isa = PBXGroup;
			children = (
				D17642E08F23420967DA7F7F /* Pods-MrPlanner.debug.xcconfig */,
				A57A700E957A881C32B8D3E7 /* Pods-MrPlanner.release.xcconfig */,
				E44BDCD0AFAC4A5DFF60663F /* Pods-OneSignalNotificationServiceExtension.debug.xcconfig */,
				0B5A74FE9DA9096DBF0FF302 /* Pods-OneSignalNotificationServiceExtension.release.xcconfig */,
			);
			path = Pods;
			sourceTree = "<group>";
		};
		E28E5D840498D224115214BF /* Frameworks */ = {
			isa = PBXGroup;
			children = (
				0936315C369E5F4213EA8B18 /* Pods_MrPlanner.framework */,
				905BC6073AA8B982E8B243B3 /* Pods_OneSignalNotificationServiceExtension.framework */,
			);
			name = Frameworks;
			sourceTree = "<group>";
		};
/* End PBXGroup section */

/* Begin PBXNativeTarget section */
		5F7776202227C69800D1A7A7 /* OneSignalNotificationServiceExtension */ = {
			isa = PBXNativeTarget;
			buildConfigurationList = 5F77762B2227C69800D1A7A7 /* Build configuration list for PBXNativeTarget "OneSignalNotificationServiceExtension" */;
			buildPhases = (
				EB7C6FE38B76A868C407981F /* [CP] Check Pods Manifest.lock */,
				5F77761D2227C69800D1A7A7 /* Sources */,
				5F77761E2227C69800D1A7A7 /* Frameworks */,
				5F77761F2227C69800D1A7A7 /* Resources */,
			);
			buildRules = (
			);
			dependencies = (
			);
			name = OneSignalNotificationServiceExtension;
			productName = OneSignalNotificationServiceExtension;
			productReference = 5F7776212227C69800D1A7A7 /* OneSignalNotificationServiceExtension.appex */;
			productType = "com.apple.product-type.app-extension";
		};
		5F7C214722195CB5002FAEBF /* MrPlanner */ = {
			isa = PBXNativeTarget;
			buildConfigurationList = 5F7C215A22195CB7002FAEBF /* Build configuration list for PBXNativeTarget "MrPlanner" */;
			buildPhases = (
				FE3642E94DC750C5320389E4 /* [CP] Check Pods Manifest.lock */,
				5F7C214422195CB5002FAEBF /* Sources */,
				5F7C214522195CB5002FAEBF /* Frameworks */,
				5F7C214622195CB5002FAEBF /* Resources */,
				CB052848153E6AE69B6423FA /* [CP] Embed Pods Frameworks */,
				5F77762C2227C69800D1A7A7 /* Embed App Extensions */,
			);
			buildRules = (
			);
			dependencies = (
				5F7776272227C69800D1A7A7 /* PBXTargetDependency */,
			);
			name = MrPlanner;
			productName = MrPlanner;
			productReference = 5F7C214822195CB5002FAEBF /* MrPlanner.app */;
			productType = "com.apple.product-type.application";
		};
/* End PBXNativeTarget section */

/* Begin PBXProject section */
		5F7C214022195CB5002FAEBF /* Project object */ = {
			isa = PBXProject;
			attributes = {
				LastSwiftUpdateCheck = 1010;
				LastUpgradeCheck = 1010;
				ORGANIZATIONNAME = "Mohammad Gharari";
				TargetAttributes = {
					5F7776202227C69800D1A7A7 = {
						CreatedOnToolsVersion = 10.1;
						LastSwiftMigration = 1020;
						SystemCapabilities = {
							com.apple.Push = {
								enabled = 0;
							};
						};
					};
					5F7C214722195CB5002FAEBF = {
						CreatedOnToolsVersion = 10.1;
						LastSwiftMigration = 1020;
						SystemCapabilities = {
							com.apple.BackgroundModes = {
								enabled = 1;
							};
							com.apple.Push = {
								enabled = 1;
							};
						};
					};
				};
			};
			buildConfigurationList = 5F7C214322195CB5002FAEBF /* Build configuration list for PBXProject "MrPlanner" */;
			compatibilityVersion = "Xcode 9.3";
			developmentRegion = en;
			hasScannedForEncodings = 0;
			knownRegions = (
				en,
				Base,
			);
			mainGroup = 5F7C213F22195CB5002FAEBF;
			productRefGroup = 5F7C214922195CB5002FAEBF /* Products */;
			projectDirPath = "";
			projectRoot = "";
			targets = (
				5F7C214722195CB5002FAEBF /* MrPlanner */,
				5F7776202227C69800D1A7A7 /* OneSignalNotificationServiceExtension */,
			);
		};
/* End PBXProject section */

/* Begin PBXResourcesBuildPhase section */
		5F77761F2227C69800D1A7A7 /* Resources */ = {
			isa = PBXResourcesBuildPhase;
			buildActionMask = 2147483647;
			files = (
			);
			runOnlyForDeploymentPostprocessing = 0;
		};
		5F7C214622195CB5002FAEBF /* Resources */ = {
			isa = PBXResourcesBuildPhase;
			buildActionMask = 2147483647;
			files = (
				5FABC88C223E9AB600E275BE /* SF-Pro-Text-Regular.otf in Resources */,
				5FABC878223E9AB500E275BE /* SF-Pro-Text-Heavy.otf in Resources */,
				5F7C215622195CB7002FAEBF /* LaunchScreen.storyboard in Resources */,
				5FABC8BB223E9AE100E275BE /* SF-Compact-Text-HeavyItalic.otf in Resources */,
				5FABC886223E9AB600E275BE /* SF-Pro-Display-Black.otf in Resources */,
				5FE54D802284271C0096402A /* Slide.xib in Resources */,
				5FE54D8322844A4E0096402A /* Login.storyboard in Resources */,
				5F467BB62235652400D3F41F /* GoogleSearchCollectionResult.storyboard in Resources */,
				5FABC8AA223E9AE100E275BE /* SF-Compact-Text-Bold.otf in Resources */,
				5FABC87D223E9AB600E275BE /* SF-Pro-Display-Ultralight.otf in Resources */,
				5FABC87F223E9AB600E275BE /* SF-Pro-Display-Medium.otf in Resources */,
				5FABC8BA223E9AE100E275BE /* SF-Compact-Display-Light.otf in Resources */,
				5FABC888223E9AB600E275BE /* SF-Pro-Display-Thin.otf in Resources */,
				5FABC8CB223E9B1500E275BE /* SF-Compact-Rounded-Bold.otf in Resources */,
				5FABC8CF223E9B1500E275BE /* SF-Compact-Rounded-Ultralight.otf in Resources */,
				5FABC875223E9AB500E275BE /* SF-Pro-Text-Semibold.otf in Resources */,
				5FABC8B0223E9AE100E275BE /* SF-Compact-Text-MediumItalic.otf in Resources */,
				5FE54D892288A76F0096402A /* Secrets.strings in Resources */,
				5FABC88B223E9AB600E275BE /* SF-Pro-Display-Semibold.otf in Resources */,
				5FABC8B9223E9AE100E275BE /* SF-Compact-Text-RegularItalic.otf in Resources */,
				5FABC8AF223E9AE100E275BE /* SF-Compact-Text-Heavy.otf in Resources */,
				5FABC87C223E9AB600E275BE /* SF-Pro-Text-RegularItalic.otf in Resources */,
				5FABC87E223E9AB600E275BE /* SF-Pro-Display-SemiboldItalic.otf in Resources */,
				5FABC87A223E9AB600E275BE /* SF-Pro-Display-HeavyItalic.otf in Resources */,
				5FABC8A9223E9AE100E275BE /* SF-Compact-Display-Black.otf in Resources */,
				5FABC8AD223E9AE100E275BE /* SF-Compact-Display-Ultralight.otf in Resources */,
				5FABC8A8223E9AE100E275BE /* SF-Compact-Display-Heavy.otf in Resources */,
				5FABC879223E9AB500E275BE /* SF-Pro-Display-MediumItalic.otf in Resources */,
				5FABC8CE223E9B1500E275BE /* SF-Compact-Rounded-Thin.otf in Resources */,
				5FABC8B8223E9AE100E275BE /* SF-Compact-Text-Regular.otf in Resources */,
				5FABC8AC223E9AE100E275BE /* SF-Compact-Display-Bold.otf in Resources */,
				5FABC8AE223E9AE100E275BE /* SF-Compact-Display-Semibold.otf in Resources */,
				5FABC880223E9AB600E275BE /* SF-Pro-Display-ThinItalic.otf in Resources */,
				5F64F7C0224F499A00265FF1 /* Profile.storyboard in Resources */,
				5F4AF7B8229973DD00D1C2DD /* EventNewCell.xib in Resources */,
				5FC9FA3522782A1900777AA5 /* EventCell.xib in Resources */,
				5FFA1A402239559E00A484F4 /* WalkthroughVC.storyboard in Resources */,
				5FABC88E223E9AB600E275BE /* SF-Pro-Display-Heavy.otf in Resources */,
				5FABC8AB223E9AE100E275BE /* SF-Compact-Display-Regular.otf in Resources */,
				5FABC889223E9AB600E275BE /* SF-Pro-Text-Light.otf in Resources */,
				5FABC8C7223E9B1500E275BE /* SF-Compact-Rounded-Regular.otf in Resources */,
				5FABC8B6223E9AE100E275BE /* SF-Compact-Text-LightItalic.otf in Resources */,
				5F467BB4223564BF00D3F41F /* GoogleSearchTableResult.storyboard in Resources */,
				5FABC8B3223E9AE100E275BE /* SF-Compact-Display-Medium.otf in Resources */,
				5FB412B2222AB6B100B4A3E7 /* Hiragino Sans GB.ttc in Resources */,
				5FABC891223E9AB600E275BE /* SF-Pro-Text-MediumItalic.otf in Resources */,
				5FABC8B1223E9AE100E275BE /* SF-Compact-Text-Semibold.otf in Resources */,
				5F77761B2226ED2C00D1A7A7 /* GoogleService-Info.plist in Resources */,
				5FABC881223E9AB600E275BE /* SF-Pro-Text-Medium.otf in Resources */,
				5FABC8B4223E9AE100E275BE /* SF-Compact-Text-BoldItalic.otf in Resources */,
				5FABC8CA223E9B1500E275BE /* SF-Compact-Rounded-Heavy.otf in Resources */,
				5FB8917E22972BE200269E68 /* CalendarView.storyboard in Resources */,
				5FABC876223E9AB500E275BE /* SF-Pro-Display-RegularItalic.otf in Resources */,
				5F9D8B112265C22B0086E1F6 /* Calendar.storyboard in Resources */,
				5FABC883223E9AB600E275BE /* SF-Pro-Display-BoldItalic.otf in Resources */,
				5FABC8B2223E9AE100E275BE /* SF-Compact-Text-SemiboldItalic.otf in Resources */,
				5FABC874223E9AB500E275BE /* SF-Pro-Text-BoldItalic.otf in Resources */,
				5F4AF7C2229A9FBA00D1C2DD /* Assets.xcassets in Resources */,
				5FABC8B5223E9AE100E275BE /* SF-Compact-Text-Light.otf in Resources */,
				5FABC8C8223E9B1500E275BE /* SF-Compact-Rounded-Light.otf in Resources */,
				5FABC88F223E9AB600E275BE /* SF-Pro-Text-Bold.otf in Resources */,
				5FABC885223E9AB600E275BE /* SF-Pro-Display-Bold.otf in Resources */,
				5FABC8C9223E9B1500E275BE /* SF-Compact-Rounded-Black.otf in Resources */,
				5FABC8B7223E9AE100E275BE /* SF-Compact-Text-Medium.otf in Resources */,
				5FABC877223E9AB500E275BE /* SF-Pro-Text-LightItalic.otf in Resources */,
				5FABC8BC223E9AE100E275BE /* SF-Compact-Display-Thin.otf in Resources */,
				5F7C215122195CB5002FAEBF /* Main.storyboard in Resources */,
				5FABC882223E9AB600E275BE /* SF-Pro-Text-SemiboldItalic.otf in Resources */,
				5FABC884223E9AB600E275BE /* SF-Pro-Text-HeavyItalic.otf in Resources */,
				5FABC887223E9AB600E275BE /* SF-Pro-Display-Regular.otf in Resources */,
				5FABC890223E9AB600E275BE /* SF-Pro-Display-Light.otf in Resources */,
				5FABC87B223E9AB600E275BE /* SF-Pro-Display-UltralightItalic.otf in Resources */,
				5FABC8CC223E9B1500E275BE /* SF-Compact-Rounded-Semibold.otf in Resources */,
				5FABC8CD223E9B1500E275BE /* SF-Compact-Rounded-Medium.otf in Resources */,
				5F6BBECA22799072001020BB /* ‌BookSelection.storyboard in Resources */,
				5FABC88D223E9AB600E275BE /* SF-Pro-Display-LightItalic.otf in Resources */,
				5FABC88A223E9AB600E275BE /* SF-Pro-Display-BlackItalic.otf in Resources */,
				5F10A99022A697290002F1A0 /* Shelf.storyboard in Resources */,
			);
			runOnlyForDeploymentPostprocessing = 0;
		};
/* End PBXResourcesBuildPhase section */

/* Begin PBXShellScriptBuildPhase section */
		CB052848153E6AE69B6423FA /* [CP] Embed Pods Frameworks */ = {
			isa = PBXShellScriptBuildPhase;
			buildActionMask = 2147483647;
			files = (
			);
			inputFileListPaths = (
			);
			inputPaths = (
				"${PODS_ROOT}/Target Support Files/Pods-MrPlanner/Pods-MrPlanner-frameworks.sh",
				"${BUILT_PRODUCTS_DIR}/Alamofire/Alamofire.framework",
				"${BUILT_PRODUCTS_DIR}/AlamofireImage/AlamofireImage.framework",
				"${BUILT_PRODUCTS_DIR}/BetterSegmentedControl/BetterSegmentedControl.framework",
				"${BUILT_PRODUCTS_DIR}/Buglife/Buglife.framework",
				"${BUILT_PRODUCTS_DIR}/Cosmos/Cosmos.framework",
				"${BUILT_PRODUCTS_DIR}/Floaty/Floaty.framework",
				"${BUILT_PRODUCTS_DIR}/FontAwesome.swift/FontAwesome_swift.framework",
				"${BUILT_PRODUCTS_DIR}/GoogleUtilities/GoogleUtilities.framework",
				"${BUILT_PRODUCTS_DIR}/IQKeyboardManagerSwift/IQKeyboardManagerSwift.framework",
				"${BUILT_PRODUCTS_DIR}/ImageSlideshow/ImageSlideshow.framework",
				"${BUILT_PRODUCTS_DIR}/JTAppleCalendar/JTAppleCalendar.framework",
				"${BUILT_PRODUCTS_DIR}/JZCalendarWeekView/JZCalendarWeekView.framework",
				"${BUILT_PRODUCTS_DIR}/JonContextMenu/JonContextMenu.framework",
				"${BUILT_PRODUCTS_DIR}/KWVerificationCodeView/KWVerificationCodeView.framework",
				"${BUILT_PRODUCTS_DIR}/Kingfisher/Kingfisher.framework",
				"${BUILT_PRODUCTS_DIR}/OAuthSwift/OAuthSwift.framework",
				"${BUILT_PRODUCTS_DIR}/PKHUD/PKHUD.framework",
				"${BUILT_PRODUCTS_DIR}/Protobuf/Protobuf.framework",
				"${BUILT_PRODUCTS_DIR}/ReachabilitySwift/Reachability.framework",
				"${BUILT_PRODUCTS_DIR}/Realm/Realm.framework",
				"${BUILT_PRODUCTS_DIR}/RealmSwift/RealmSwift.framework",
				"${BUILT_PRODUCTS_DIR}/RevealingSplashView/RevealingSplashView.framework",
				"${BUILT_PRODUCTS_DIR}/SVProgressHUD/SVProgressHUD.framework",
				"${BUILT_PRODUCTS_DIR}/SWXMLHash/SWXMLHash.framework",
				"${BUILT_PRODUCTS_DIR}/SideMenu/SideMenu.framework",
				"${BUILT_PRODUCTS_DIR}/SwiftValidator/SwiftValidator.framework",
				"${BUILT_PRODUCTS_DIR}/SwiftyJSON/SwiftyJSON.framework",
				"${BUILT_PRODUCTS_DIR}/SwiftyXMLParser/SwiftyXMLParser.framework",
				"${BUILT_PRODUCTS_DIR}/Validator/Validator.framework",
				"${BUILT_PRODUCTS_DIR}/nanopb/nanopb.framework",
			);
			name = "[CP] Embed Pods Frameworks";
			outputFileListPaths = (
			);
			outputPaths = (
				"${TARGET_BUILD_DIR}/${FRAMEWORKS_FOLDER_PATH}/Alamofire.framework",
				"${TARGET_BUILD_DIR}/${FRAMEWORKS_FOLDER_PATH}/AlamofireImage.framework",
				"${TARGET_BUILD_DIR}/${FRAMEWORKS_FOLDER_PATH}/BetterSegmentedControl.framework",
				"${TARGET_BUILD_DIR}/${FRAMEWORKS_FOLDER_PATH}/Buglife.framework",
				"${TARGET_BUILD_DIR}/${FRAMEWORKS_FOLDER_PATH}/Cosmos.framework",
				"${TARGET_BUILD_DIR}/${FRAMEWORKS_FOLDER_PATH}/Floaty.framework",
				"${TARGET_BUILD_DIR}/${FRAMEWORKS_FOLDER_PATH}/FontAwesome_swift.framework",
				"${TARGET_BUILD_DIR}/${FRAMEWORKS_FOLDER_PATH}/GoogleUtilities.framework",
				"${TARGET_BUILD_DIR}/${FRAMEWORKS_FOLDER_PATH}/IQKeyboardManagerSwift.framework",
				"${TARGET_BUILD_DIR}/${FRAMEWORKS_FOLDER_PATH}/ImageSlideshow.framework",
				"${TARGET_BUILD_DIR}/${FRAMEWORKS_FOLDER_PATH}/JTAppleCalendar.framework",
				"${TARGET_BUILD_DIR}/${FRAMEWORKS_FOLDER_PATH}/JZCalendarWeekView.framework",
				"${TARGET_BUILD_DIR}/${FRAMEWORKS_FOLDER_PATH}/JonContextMenu.framework",
				"${TARGET_BUILD_DIR}/${FRAMEWORKS_FOLDER_PATH}/KWVerificationCodeView.framework",
				"${TARGET_BUILD_DIR}/${FRAMEWORKS_FOLDER_PATH}/Kingfisher.framework",
				"${TARGET_BUILD_DIR}/${FRAMEWORKS_FOLDER_PATH}/OAuthSwift.framework",
				"${TARGET_BUILD_DIR}/${FRAMEWORKS_FOLDER_PATH}/PKHUD.framework",
				"${TARGET_BUILD_DIR}/${FRAMEWORKS_FOLDER_PATH}/Protobuf.framework",
				"${TARGET_BUILD_DIR}/${FRAMEWORKS_FOLDER_PATH}/Reachability.framework",
				"${TARGET_BUILD_DIR}/${FRAMEWORKS_FOLDER_PATH}/Realm.framework",
				"${TARGET_BUILD_DIR}/${FRAMEWORKS_FOLDER_PATH}/RealmSwift.framework",
				"${TARGET_BUILD_DIR}/${FRAMEWORKS_FOLDER_PATH}/RevealingSplashView.framework",
				"${TARGET_BUILD_DIR}/${FRAMEWORKS_FOLDER_PATH}/SVProgressHUD.framework",
				"${TARGET_BUILD_DIR}/${FRAMEWORKS_FOLDER_PATH}/SWXMLHash.framework",
				"${TARGET_BUILD_DIR}/${FRAMEWORKS_FOLDER_PATH}/SideMenu.framework",
				"${TARGET_BUILD_DIR}/${FRAMEWORKS_FOLDER_PATH}/SwiftValidator.framework",
				"${TARGET_BUILD_DIR}/${FRAMEWORKS_FOLDER_PATH}/SwiftyJSON.framework",
				"${TARGET_BUILD_DIR}/${FRAMEWORKS_FOLDER_PATH}/SwiftyXMLParser.framework",
				"${TARGET_BUILD_DIR}/${FRAMEWORKS_FOLDER_PATH}/Validator.framework",
				"${TARGET_BUILD_DIR}/${FRAMEWORKS_FOLDER_PATH}/nanopb.framework",
			);
			runOnlyForDeploymentPostprocessing = 0;
			shellPath = /bin/sh;
			shellScript = "\"${PODS_ROOT}/Target Support Files/Pods-MrPlanner/Pods-MrPlanner-frameworks.sh\"\n";
			showEnvVarsInLog = 0;
		};
		EB7C6FE38B76A868C407981F /* [CP] Check Pods Manifest.lock */ = {
			isa = PBXShellScriptBuildPhase;
			buildActionMask = 2147483647;
			files = (
			);
			inputFileListPaths = (
			);
			inputPaths = (
				"${PODS_PODFILE_DIR_PATH}/Podfile.lock",
				"${PODS_ROOT}/Manifest.lock",
			);
			name = "[CP] Check Pods Manifest.lock";
			outputFileListPaths = (
			);
			outputPaths = (
				"$(DERIVED_FILE_DIR)/Pods-OneSignalNotificationServiceExtension-checkManifestLockResult.txt",
			);
			runOnlyForDeploymentPostprocessing = 0;
			shellPath = /bin/sh;
			shellScript = "diff \"${PODS_PODFILE_DIR_PATH}/Podfile.lock\" \"${PODS_ROOT}/Manifest.lock\" > /dev/null\nif [ $? != 0 ] ; then\n    # print error to STDERR\n    echo \"error: The sandbox is not in sync with the Podfile.lock. Run 'pod install' or update your CocoaPods installation.\" >&2\n    exit 1\nfi\n# This output is used by Xcode 'outputs' to avoid re-running this script phase.\necho \"SUCCESS\" > \"${SCRIPT_OUTPUT_FILE_0}\"\n";
			showEnvVarsInLog = 0;
		};
		FE3642E94DC750C5320389E4 /* [CP] Check Pods Manifest.lock */ = {
			isa = PBXShellScriptBuildPhase;
			buildActionMask = 2147483647;
			files = (
			);
			inputFileListPaths = (
			);
			inputPaths = (
				"${PODS_PODFILE_DIR_PATH}/Podfile.lock",
				"${PODS_ROOT}/Manifest.lock",
			);
			name = "[CP] Check Pods Manifest.lock";
			outputFileListPaths = (
			);
			outputPaths = (
				"$(DERIVED_FILE_DIR)/Pods-MrPlanner-checkManifestLockResult.txt",
			);
			runOnlyForDeploymentPostprocessing = 0;
			shellPath = /bin/sh;
			shellScript = "diff \"${PODS_PODFILE_DIR_PATH}/Podfile.lock\" \"${PODS_ROOT}/Manifest.lock\" > /dev/null\nif [ $? != 0 ] ; then\n    # print error to STDERR\n    echo \"error: The sandbox is not in sync with the Podfile.lock. Run 'pod install' or update your CocoaPods installation.\" >&2\n    exit 1\nfi\n# This output is used by Xcode 'outputs' to avoid re-running this script phase.\necho \"SUCCESS\" > \"${SCRIPT_OUTPUT_FILE_0}\"\n";
			showEnvVarsInLog = 0;
		};
/* End PBXShellScriptBuildPhase section */

/* Begin PBXSourcesBuildPhase section */
		5F77761D2227C69800D1A7A7 /* Sources */ = {
			isa = PBXSourcesBuildPhase;
			buildActionMask = 2147483647;
			files = (
				5F7776242227C69800D1A7A7 /* NotificationService.swift in Sources */,
			);
			runOnlyForDeploymentPostprocessing = 0;
		};
		5F7C214422195CB5002FAEBF /* Sources */ = {
			isa = PBXSourcesBuildPhase;
			buildActionMask = 2147483647;
			files = (
				5F64F7BE224C999300265FF1 /* AddReviewVC.swift in Sources */,
				5F14A6CA224238AE008384D3 /* TabbarMultipleChild.swift in Sources */,
				5F467BB8223565C000D3F41F /* SearchResultCVC.swift in Sources */,
				5FE54D8E2288AABD0096402A /* KeychainPasswordItem.swift in Sources */,
				5F36BDF2228F3F180033EA5C /* EmailVerifyVC.swift in Sources */,
				5FC9FA3A22782A3600777AA5 /* ToastUtil.swift in Sources */,
				5F3CF7B9229149C700B80910 /* Shelve.swift in Sources */,
				5F7C215E22195E45002FAEBF /* BookDetail.swift in Sources */,
				5FC9FA3422782A1900777AA5 /* DefaultEvent.swift in Sources */,
				5F76AA7E221C01C0003BE931 /* googleSearchTVC.swift in Sources */,
				5F64F7C3224F4D2400265FF1 /* ProfileVC.swift in Sources */,
				5F467BBA223565E700D3F41F /* SearchResultCell.swift in Sources */,
				5FE54D962289D8520096402A /* GoodreadsVC.swift in Sources */,
				5FE54D872288A3810096402A /* GoodreadsService.swift in Sources */,
				5FB412A9222A7B5200B4A3E7 /* PopularReadersCVC.swift in Sources */,
				5F76AA752219993E003BE931 /* SearchTVC.swift in Sources */,
				5FB412B0222A8DD500B4A3E7 /* PopularBookCVC.swift in Sources */,
				5F8F64DB227AE84700D86900 /* Checkmark.swift in Sources */,
				5F64F7C5224F5C3C00265FF1 /* UpperVC.swift in Sources */,
				5FC9FA3B22782A3600777AA5 /* Extensions.swift in Sources */,
				5FF26D57224A116500D23645 /* ReviewTVC.swift in Sources */,
				5F76AA792219A373003BE931 /* BookTVCell.swift in Sources */,
				5F8F64DF2280213000D86900 /* NetworkManager.swift in Sources */,
				5F5619B022A3D9AC008D26AE /* GoogleBookService.swift in Sources */,
				5FF14D7B2250AE0500FF42A8 /* ActivePlansCell.swift in Sources */,
				5FE54D9422898E190096402A /* Author.swift in Sources */,
				5FC9FA3122782A1900777AA5 /* DefaultViewModel.swift in Sources */,
				5FADA483223D4C2200F1B2A8 /* SplashViewController.swift in Sources */,
				5FB412AB222A7B6900B4A3E7 /* PopularReadersCell.swift in Sources */,
				5FD15E0D2225969900DB5BFE /* MainVC.swift in Sources */,
				5FE54D7C228421DF0096402A /* Slide.swift in Sources */,
				5F5619AD22A1DFE3008D26AE /* MrPlannerConfig.swift in Sources */,
				5F8F64D9227AD2DA00D86900 /* BookSelectionVC.swift in Sources */,
				5FE54D8C2288AA3A0096402A /* AuthStorageService.swift in Sources */,
				5F14A6CF2242AC87008384D3 /* DetailVC.swift in Sources */,
				5FB412B4222AC8B800B4A3E7 /* TabBar.swift in Sources */,
				5FFB9E572250E65F00473A5E /* ProfileActivitiesTVC.swift in Sources */,
				5FE54D852284700C0096402A /* RegisterVC.swift in Sources */,
				5FB7E626223E2F8200A7B9CB /* Books.swift in Sources */,
				5F10A98E22A546BE0002F1A0 /* MrPlannerAuthStorageService.swift in Sources */,
				5FB412AE222A8DC100B4A3E7 /* PopularBookCell.swift in Sources */,
				5FC9FA3622782A1900777AA5 /* DefaultViewController.swift in Sources */,
				5FB7E629223E3B1B00A7B9CB /* BookDetailVC.swift in Sources */,
				5F10A99322A697650002F1A0 /* ShelfVC.swift in Sources */,
				5FFB9E592250E7B300473A5E /* ProfileActivitiesCell.swift in Sources */,
				5F14A6CD2242AC72008384D3 /* IntroductionVC.swift in Sources */,
				5FE54D7A228421970096402A /* WalkthroughVC.swift in Sources */,
				5F4AF7BC229974C700D1C2DD /* WeekView.swift in Sources */,
				5FC9FA3322782A1900777AA5 /* EventCell.swift in Sources */,
				5F5619AB22A1CEEF008D26AE /* fillProfileVC.swift in Sources */,
				5FC9FA3222782A1900777AA5 /* DefaultWeekView.swift in Sources */,
				5F7C214C22195CB5002FAEBF /* AppDelegate.swift in Sources */,
				5FF14D792250AA0300FF42A8 /* ProfileActivePlansTVC.swift in Sources */,
				5F8F64DD228004BC00D86900 /* PlanOptionsVC.swift in Sources */,
				5FE54D902289876C0096402A /* Shelf.swift in Sources */,
				5F8F64E322802DCC00D86900 /* OfflineViewController.swift in Sources */,
				5F36BDF4228F83860033EA5C /* ValidationErrorType.swift in Sources */,
				5F8F64E12280235E00D86900 /* LaunchController.swift in Sources */,
				5FB8918022972F1C00269E68 /* CalendarViewVC.swift in Sources */,
				5F76AA7C221B0739003BE931 /* UserInfoVC.swift in Sources */,
				5FE54D9222898D5C0096402A /* Book.swift in Sources */,
				5F4AF7BA2299742700D1C2DD /* EventNewCell.swift in Sources */,
			);
			runOnlyForDeploymentPostprocessing = 0;
		};
/* End PBXSourcesBuildPhase section */

/* Begin PBXTargetDependency section */
		5F7776272227C69800D1A7A7 /* PBXTargetDependency */ = {
			isa = PBXTargetDependency;
			target = 5F7776202227C69800D1A7A7 /* OneSignalNotificationServiceExtension */;
			targetProxy = 5F7776262227C69800D1A7A7 /* PBXContainerItemProxy */;
		};
/* End PBXTargetDependency section */

/* Begin PBXVariantGroup section */
		5F7C214F22195CB5002FAEBF /* Main.storyboard */ = {
			isa = PBXVariantGroup;
			children = (
				5F7C215022195CB5002FAEBF /* Base */,
			);
			name = Main.storyboard;
			sourceTree = "<group>";
		};
		5F7C215422195CB7002FAEBF /* LaunchScreen.storyboard */ = {
			isa = PBXVariantGroup;
			children = (
				5F7C215522195CB7002FAEBF /* Base */,
			);
			name = LaunchScreen.storyboard;
			sourceTree = "<group>";
		};
/* End PBXVariantGroup section */

/* Begin XCBuildConfiguration section */
		5F7776292227C69800D1A7A7 /* Debug */ = {
			isa = XCBuildConfiguration;
			baseConfigurationReference = E44BDCD0AFAC4A5DFF60663F /* Pods-OneSignalNotificationServiceExtension.debug.xcconfig */;
			buildSettings = {
				ALWAYS_EMBED_SWIFT_STANDARD_LIBRARIES = "$(inherited)";
				CODE_SIGN_STYLE = Automatic;
				DEVELOPMENT_TEAM = TTH7P953CP;
				INFOPLIST_FILE = OneSignalNotificationServiceExtension/Info.plist;
				IPHONEOS_DEPLOYMENT_TARGET = 11.0;
				LD_RUNPATH_SEARCH_PATHS = (
					"$(inherited)",
					"@executable_path/Frameworks",
					"@executable_path/../../Frameworks",
				);
				PRODUCT_BUNDLE_IDENTIFIER = com.gharari.MrPlanner.OneSignalNotificationServiceExtension;
				PRODUCT_NAME = "$(TARGET_NAME)";
				SKIP_INSTALL = YES;
				SWIFT_VERSION = 5.0;
				TARGETED_DEVICE_FAMILY = "1,2";
			};
			name = Debug;
		};
		5F77762A2227C69800D1A7A7 /* Release */ = {
			isa = XCBuildConfiguration;
			baseConfigurationReference = 0B5A74FE9DA9096DBF0FF302 /* Pods-OneSignalNotificationServiceExtension.release.xcconfig */;
			buildSettings = {
				ALWAYS_EMBED_SWIFT_STANDARD_LIBRARIES = "$(inherited)";
				CODE_SIGN_STYLE = Automatic;
				DEVELOPMENT_TEAM = TTH7P953CP;
				INFOPLIST_FILE = OneSignalNotificationServiceExtension/Info.plist;
				IPHONEOS_DEPLOYMENT_TARGET = 11.0;
				LD_RUNPATH_SEARCH_PATHS = (
					"$(inherited)",
					"@executable_path/Frameworks",
					"@executable_path/../../Frameworks",
				);
				PRODUCT_BUNDLE_IDENTIFIER = com.gharari.MrPlanner.OneSignalNotificationServiceExtension;
				PRODUCT_NAME = "$(TARGET_NAME)";
				SKIP_INSTALL = YES;
				SWIFT_VERSION = 5.0;
				TARGETED_DEVICE_FAMILY = "1,2";
			};
			name = Release;
		};
		5F7C215822195CB7002FAEBF /* Debug */ = {
			isa = XCBuildConfiguration;
			buildSettings = {
				ALWAYS_SEARCH_USER_PATHS = NO;
				CLANG_ANALYZER_NONNULL = YES;
				CLANG_ANALYZER_NUMBER_OBJECT_CONVERSION = YES_AGGRESSIVE;
				CLANG_CXX_LANGUAGE_STANDARD = "gnu++14";
				CLANG_CXX_LIBRARY = "libc++";
				CLANG_ENABLE_MODULES = YES;
				CLANG_ENABLE_OBJC_ARC = YES;
				CLANG_ENABLE_OBJC_WEAK = YES;
				CLANG_WARN_BLOCK_CAPTURE_AUTORELEASING = YES;
				CLANG_WARN_BOOL_CONVERSION = YES;
				CLANG_WARN_COMMA = YES;
				CLANG_WARN_CONSTANT_CONVERSION = YES;
				CLANG_WARN_DEPRECATED_OBJC_IMPLEMENTATIONS = YES;
				CLANG_WARN_DIRECT_OBJC_ISA_USAGE = YES_ERROR;
				CLANG_WARN_DOCUMENTATION_COMMENTS = YES;
				CLANG_WARN_EMPTY_BODY = YES;
				CLANG_WARN_ENUM_CONVERSION = YES;
				CLANG_WARN_INFINITE_RECURSION = YES;
				CLANG_WARN_INT_CONVERSION = YES;
				CLANG_WARN_NON_LITERAL_NULL_CONVERSION = YES;
				CLANG_WARN_OBJC_IMPLICIT_RETAIN_SELF = YES;
				CLANG_WARN_OBJC_LITERAL_CONVERSION = YES;
				CLANG_WARN_OBJC_ROOT_CLASS = YES_ERROR;
				CLANG_WARN_RANGE_LOOP_ANALYSIS = YES;
				CLANG_WARN_STRICT_PROTOTYPES = YES;
				CLANG_WARN_SUSPICIOUS_MOVE = YES;
				CLANG_WARN_UNGUARDED_AVAILABILITY = YES_AGGRESSIVE;
				CLANG_WARN_UNREACHABLE_CODE = YES;
				CLANG_WARN__DUPLICATE_METHOD_MATCH = YES;
				CODE_SIGN_IDENTITY = "iPhone Developer";
				COPY_PHASE_STRIP = NO;
				DEBUG_INFORMATION_FORMAT = dwarf;
				ENABLE_STRICT_OBJC_MSGSEND = YES;
				ENABLE_TESTABILITY = YES;
				GCC_C_LANGUAGE_STANDARD = gnu11;
				GCC_DYNAMIC_NO_PIC = NO;
				GCC_NO_COMMON_BLOCKS = YES;
				GCC_OPTIMIZATION_LEVEL = 0;
				GCC_PREPROCESSOR_DEFINITIONS = (
					"DEBUG=1",
					"$(inherited)",
				);
				GCC_WARN_64_TO_32_BIT_CONVERSION = YES;
				GCC_WARN_ABOUT_RETURN_TYPE = YES_ERROR;
				GCC_WARN_UNDECLARED_SELECTOR = YES;
				GCC_WARN_UNINITIALIZED_AUTOS = YES_AGGRESSIVE;
				GCC_WARN_UNUSED_FUNCTION = YES;
				GCC_WARN_UNUSED_VARIABLE = YES;
				IPHONEOS_DEPLOYMENT_TARGET = 12.1;
				MTL_ENABLE_DEBUG_INFO = INCLUDE_SOURCE;
				MTL_FAST_MATH = YES;
				ONLY_ACTIVE_ARCH = YES;
				SDKROOT = iphoneos;
				SWIFT_ACTIVE_COMPILATION_CONDITIONS = DEBUG;
				SWIFT_OPTIMIZATION_LEVEL = "-Onone";
			};
			name = Debug;
		};
		5F7C215922195CB7002FAEBF /* Release */ = {
			isa = XCBuildConfiguration;
			buildSettings = {
				ALWAYS_SEARCH_USER_PATHS = NO;
				CLANG_ANALYZER_NONNULL = YES;
				CLANG_ANALYZER_NUMBER_OBJECT_CONVERSION = YES_AGGRESSIVE;
				CLANG_CXX_LANGUAGE_STANDARD = "gnu++14";
				CLANG_CXX_LIBRARY = "libc++";
				CLANG_ENABLE_MODULES = YES;
				CLANG_ENABLE_OBJC_ARC = YES;
				CLANG_ENABLE_OBJC_WEAK = YES;
				CLANG_WARN_BLOCK_CAPTURE_AUTORELEASING = YES;
				CLANG_WARN_BOOL_CONVERSION = YES;
				CLANG_WARN_COMMA = YES;
				CLANG_WARN_CONSTANT_CONVERSION = YES;
				CLANG_WARN_DEPRECATED_OBJC_IMPLEMENTATIONS = YES;
				CLANG_WARN_DIRECT_OBJC_ISA_USAGE = YES_ERROR;
				CLANG_WARN_DOCUMENTATION_COMMENTS = YES;
				CLANG_WARN_EMPTY_BODY = YES;
				CLANG_WARN_ENUM_CONVERSION = YES;
				CLANG_WARN_INFINITE_RECURSION = YES;
				CLANG_WARN_INT_CONVERSION = YES;
				CLANG_WARN_NON_LITERAL_NULL_CONVERSION = YES;
				CLANG_WARN_OBJC_IMPLICIT_RETAIN_SELF = YES;
				CLANG_WARN_OBJC_LITERAL_CONVERSION = YES;
				CLANG_WARN_OBJC_ROOT_CLASS = YES_ERROR;
				CLANG_WARN_RANGE_LOOP_ANALYSIS = YES;
				CLANG_WARN_STRICT_PROTOTYPES = YES;
				CLANG_WARN_SUSPICIOUS_MOVE = YES;
				CLANG_WARN_UNGUARDED_AVAILABILITY = YES_AGGRESSIVE;
				CLANG_WARN_UNREACHABLE_CODE = YES;
				CLANG_WARN__DUPLICATE_METHOD_MATCH = YES;
				CODE_SIGN_IDENTITY = "iPhone Developer";
				COPY_PHASE_STRIP = NO;
				DEBUG_INFORMATION_FORMAT = "dwarf-with-dsym";
				ENABLE_NS_ASSERTIONS = NO;
				ENABLE_STRICT_OBJC_MSGSEND = YES;
				GCC_C_LANGUAGE_STANDARD = gnu11;
				GCC_NO_COMMON_BLOCKS = YES;
				GCC_WARN_64_TO_32_BIT_CONVERSION = YES;
				GCC_WARN_ABOUT_RETURN_TYPE = YES_ERROR;
				GCC_WARN_UNDECLARED_SELECTOR = YES;
				GCC_WARN_UNINITIALIZED_AUTOS = YES_AGGRESSIVE;
				GCC_WARN_UNUSED_FUNCTION = YES;
				GCC_WARN_UNUSED_VARIABLE = YES;
				IPHONEOS_DEPLOYMENT_TARGET = 12.1;
				MTL_ENABLE_DEBUG_INFO = NO;
				MTL_FAST_MATH = YES;
				SDKROOT = iphoneos;
				SWIFT_COMPILATION_MODE = wholemodule;
				SWIFT_OPTIMIZATION_LEVEL = "-O";
				VALIDATE_PRODUCT = YES;
			};
			name = Release;
		};
		5F7C215B22195CB7002FAEBF /* Debug */ = {
			isa = XCBuildConfiguration;
			baseConfigurationReference = D17642E08F23420967DA7F7F /* Pods-MrPlanner.debug.xcconfig */;
			buildSettings = {
				ALWAYS_EMBED_SWIFT_STANDARD_LIBRARIES = YES;
				ASSETCATALOG_COMPILER_APPICON_NAME = AppIcon;
				CODE_SIGN_ENTITLEMENTS = MrPlanner/MrPlanner.entitlements;
				CODE_SIGN_STYLE = Automatic;
				DEVELOPMENT_TEAM = TTH7P953CP;
				INFOPLIST_FILE = MrPlanner/Info.plist;
				LD_RUNPATH_SEARCH_PATHS = (
					"$(inherited)",
					"@executable_path/Frameworks",
				);
				PRODUCT_BUNDLE_IDENTIFIER = com.gharari.MrPlanner;
				PRODUCT_NAME = "$(TARGET_NAME)";
				SWIFT_VERSION = 5.0;
				TARGETED_DEVICE_FAMILY = 1;
			};
			name = Debug;
		};
		5F7C215C22195CB7002FAEBF /* Release */ = {
			isa = XCBuildConfiguration;
			baseConfigurationReference = A57A700E957A881C32B8D3E7 /* Pods-MrPlanner.release.xcconfig */;
			buildSettings = {
				ALWAYS_EMBED_SWIFT_STANDARD_LIBRARIES = YES;
				ASSETCATALOG_COMPILER_APPICON_NAME = AppIcon;
				CODE_SIGN_ENTITLEMENTS = MrPlanner/MrPlanner.entitlements;
				CODE_SIGN_STYLE = Automatic;
				DEVELOPMENT_TEAM = TTH7P953CP;
				INFOPLIST_FILE = MrPlanner/Info.plist;
				LD_RUNPATH_SEARCH_PATHS = (
					"$(inherited)",
					"@executable_path/Frameworks",
				);
				PRODUCT_BUNDLE_IDENTIFIER = com.gharari.MrPlanner;
				PRODUCT_NAME = "$(TARGET_NAME)";
				SWIFT_VERSION = 5.0;
				TARGETED_DEVICE_FAMILY = 1;
			};
			name = Release;
		};
/* End XCBuildConfiguration section */

/* Begin XCConfigurationList section */
		5F77762B2227C69800D1A7A7 /* Build configuration list for PBXNativeTarget "OneSignalNotificationServiceExtension" */ = {
			isa = XCConfigurationList;
			buildConfigurations = (
				5F7776292227C69800D1A7A7 /* Debug */,
				5F77762A2227C69800D1A7A7 /* Release */,
			);
			defaultConfigurationIsVisible = 0;
			defaultConfigurationName = Release;
		};
		5F7C214322195CB5002FAEBF /* Build configuration list for PBXProject "MrPlanner" */ = {
			isa = XCConfigurationList;
			buildConfigurations = (
				5F7C215822195CB7002FAEBF /* Debug */,
				5F7C215922195CB7002FAEBF /* Release */,
			);
			defaultConfigurationIsVisible = 0;
			defaultConfigurationName = Release;
		};
		5F7C215A22195CB7002FAEBF /* Build configuration list for PBXNativeTarget "MrPlanner" */ = {
			isa = XCConfigurationList;
			buildConfigurations = (
				5F7C215B22195CB7002FAEBF /* Debug */,
				5F7C215C22195CB7002FAEBF /* Release */,
			);
			defaultConfigurationIsVisible = 0;
			defaultConfigurationName = Release;
		};
/* End XCConfigurationList section */
	};
	rootObject = 5F7C214022195CB5002FAEBF /* Project object */;
}
